// !$*UTF8*$!
{
	archiveVersion = 1;
	classes = {
	};
	objectVersion = 46;
	objects = {

/* Begin PBXBuildFile section */
		047E748A19AB759F002B9FF8 /* PlayStage.cpp in Sources */ = {isa = PBXBuildFile; fileRef = 047E748819AB759F002B9FF8 /* PlayStage.cpp */; };
		047E748B19AB759F002B9FF8 /* PlayStage.cpp in Sources */ = {isa = PBXBuildFile; fileRef = 047E748819AB759F002B9FF8 /* PlayStage.cpp */; };
		047E748F19AB7621002B9FF8 /* PlayStage1.cpp in Sources */ = {isa = PBXBuildFile; fileRef = 047E748D19AB7621002B9FF8 /* PlayStage1.cpp */; };
		047E749019AB7621002B9FF8 /* PlayStage1.cpp in Sources */ = {isa = PBXBuildFile; fileRef = 047E748D19AB7621002B9FF8 /* PlayStage1.cpp */; };
		047E749419AB7EC9002B9FF8 /* PlayStage1State.cpp in Sources */ = {isa = PBXBuildFile; fileRef = 047E749219AB7EC9002B9FF8 /* PlayStage1State.cpp */; };
		047E749519AB7EC9002B9FF8 /* PlayStage1State.cpp in Sources */ = {isa = PBXBuildFile; fileRef = 047E749219AB7EC9002B9FF8 /* PlayStage1State.cpp */; };
		047E749919AB83EF002B9FF8 /* TextureManager.cpp in Sources */ = {isa = PBXBuildFile; fileRef = 047E749719AB83EF002B9FF8 /* TextureManager.cpp */; };
		047E749A19AB83EF002B9FF8 /* TextureManager.cpp in Sources */ = {isa = PBXBuildFile; fileRef = 047E749719AB83EF002B9FF8 /* TextureManager.cpp */; };
		047E749E19ABAA9D002B9FF8 /* StandingLunaImage.cpp in Sources */ = {isa = PBXBuildFile; fileRef = 047E749C19ABAA9D002B9FF8 /* StandingLunaImage.cpp */; };
		047E749F19ABAA9D002B9FF8 /* StandingLunaImage.cpp in Sources */ = {isa = PBXBuildFile; fileRef = 047E749C19ABAA9D002B9FF8 /* StandingLunaImage.cpp */; };
		047E74A319ABAFC2002B9FF8 /* StandingLunaImageState.cpp in Sources */ = {isa = PBXBuildFile; fileRef = 047E74A119ABAFC2002B9FF8 /* StandingLunaImageState.cpp */; };
		047E74A419ABAFC2002B9FF8 /* StandingLunaImageState.cpp in Sources */ = {isa = PBXBuildFile; fileRef = 047E74A119ABAFC2002B9FF8 /* StandingLunaImageState.cpp */; };
		1AC6FB1F180E996B004C840B /* libbox2d Mac.a in Frameworks */ = {isa = PBXBuildFile; fileRef = 1AC6FAFF180E9839004C840B /* libbox2d Mac.a */; };
		1AC6FB20180E996B004C840B /* libchipmunk Mac.a in Frameworks */ = {isa = PBXBuildFile; fileRef = 1AC6FAFD180E9839004C840B /* libchipmunk Mac.a */; };
		1AC6FB21180E996B004C840B /* libcocos2dx Mac.a in Frameworks */ = {isa = PBXBuildFile; fileRef = 1AC6FAF9180E9839004C840B /* libcocos2dx Mac.a */; };
		1AC6FB22180E996B004C840B /* libcocos2dx-extensions Mac.a in Frameworks */ = {isa = PBXBuildFile; fileRef = 1AC6FAFB180E9839004C840B /* libcocos2dx-extensions Mac.a */; };
		1AC6FB23180E996B004C840B /* libCocosDenshion Mac.a in Frameworks */ = {isa = PBXBuildFile; fileRef = 1AC6FB01180E9839004C840B /* libCocosDenshion Mac.a */; };
		1AC6FB2E180E99EB004C840B /* libbox2d iOS.a in Frameworks */ = {isa = PBXBuildFile; fileRef = 1AC6FB0D180E9839004C840B /* libbox2d iOS.a */; };
		1AC6FB2F180E99EB004C840B /* libchipmunk iOS.a in Frameworks */ = {isa = PBXBuildFile; fileRef = 1AC6FB0B180E9839004C840B /* libchipmunk iOS.a */; };
		1AC6FB30180E99EB004C840B /* libcocos2dx iOS.a in Frameworks */ = {isa = PBXBuildFile; fileRef = 1AC6FB07180E9839004C840B /* libcocos2dx iOS.a */; };
		1AC6FB31180E99EB004C840B /* libcocos2dx-extensions iOS.a in Frameworks */ = {isa = PBXBuildFile; fileRef = 1AC6FB09180E9839004C840B /* libcocos2dx-extensions iOS.a */; };
		1AC6FB32180E99EB004C840B /* libCocosDenshion iOS.a in Frameworks */ = {isa = PBXBuildFile; fileRef = 1AC6FB0F180E9839004C840B /* libCocosDenshion iOS.a */; };
		1AFAF8B716D35DE700DB1158 /* AppDelegate.cpp in Sources */ = {isa = PBXBuildFile; fileRef = 1AFAF8B316D35DE700DB1158 /* AppDelegate.cpp */; };
		1AFAF8B816D35DE700DB1158 /* HelloWorldScene.cpp in Sources */ = {isa = PBXBuildFile; fileRef = 1AFAF8B516D35DE700DB1158 /* HelloWorldScene.cpp */; };
		1AFAF8BC16D35E4900DB1158 /* CloseNormal.png in Resources */ = {isa = PBXBuildFile; fileRef = 1AFAF8B916D35E4900DB1158 /* CloseNormal.png */; };
		1AFAF8BD16D35E4900DB1158 /* CloseSelected.png in Resources */ = {isa = PBXBuildFile; fileRef = 1AFAF8BA16D35E4900DB1158 /* CloseSelected.png */; };
		1AFAF8BE16D35E4900DB1158 /* HelloWorld.png in Resources */ = {isa = PBXBuildFile; fileRef = 1AFAF8BB16D35E4900DB1158 /* HelloWorld.png */; };
		1D60589F0D05DD5A006BFB54 /* Foundation.framework in Frameworks */ = {isa = PBXBuildFile; fileRef = 1D30AB110D05D00D00671497 /* Foundation.framework */; };
		1DF5F4E00D08C38300B7A737 /* UIKit.framework in Frameworks */ = {isa = PBXBuildFile; fileRef = 1DF5F4DF0D08C38300B7A737 /* UIKit.framework */; };
		288765A50DF7441C002DB57D /* CoreGraphics.framework in Frameworks */ = {isa = PBXBuildFile; fileRef = 288765A40DF7441C002DB57D /* CoreGraphics.framework */; };
		503AE0F817EB97AB00D1A890 /* Icon.icns in Resources */ = {isa = PBXBuildFile; fileRef = 503AE0F617EB97AB00D1A890 /* Icon.icns */; };
		503AE10017EB989F00D1A890 /* AppController.mm in Sources */ = {isa = PBXBuildFile; fileRef = 503AE0FB17EB989F00D1A890 /* AppController.mm */; };
		503AE10117EB989F00D1A890 /* main.m in Sources */ = {isa = PBXBuildFile; fileRef = 503AE0FC17EB989F00D1A890 /* main.m */; };
		503AE10217EB989F00D1A890 /* RootViewController.mm in Sources */ = {isa = PBXBuildFile; fileRef = 503AE0FF17EB989F00D1A890 /* RootViewController.mm */; };
		503AE10517EB98FF00D1A890 /* main.cpp in Sources */ = {isa = PBXBuildFile; fileRef = 503AE10317EB98FF00D1A890 /* main.cpp */; };
		503AE11217EB99EE00D1A890 /* libcurl.dylib in Frameworks */ = {isa = PBXBuildFile; fileRef = 503AE11117EB99EE00D1A890 /* libcurl.dylib */; };
		503AE11B17EB9C5A00D1A890 /* IOKit.framework in Frameworks */ = {isa = PBXBuildFile; fileRef = 503AE11A17EB9C5A00D1A890 /* IOKit.framework */; };
		5087E75317EB910900C73F5D /* CloseNormal.png in Resources */ = {isa = PBXBuildFile; fileRef = 1AFAF8B916D35E4900DB1158 /* CloseNormal.png */; };
		5087E75417EB910900C73F5D /* CloseSelected.png in Resources */ = {isa = PBXBuildFile; fileRef = 1AFAF8BA16D35E4900DB1158 /* CloseSelected.png */; };
		5087E75517EB910900C73F5D /* HelloWorld.png in Resources */ = {isa = PBXBuildFile; fileRef = 1AFAF8BB16D35E4900DB1158 /* HelloWorld.png */; };
		5087E75717EB910900C73F5D /* AppDelegate.cpp in Sources */ = {isa = PBXBuildFile; fileRef = 1AFAF8B316D35DE700DB1158 /* AppDelegate.cpp */; };
		5087E75817EB910900C73F5D /* HelloWorldScene.cpp in Sources */ = {isa = PBXBuildFile; fileRef = 1AFAF8B516D35DE700DB1158 /* HelloWorldScene.cpp */; };
		5087E76317EB910900C73F5D /* Foundation.framework in Frameworks */ = {isa = PBXBuildFile; fileRef = 1D30AB110D05D00D00671497 /* Foundation.framework */; };
		5087E76517EB910900C73F5D /* CoreGraphics.framework in Frameworks */ = {isa = PBXBuildFile; fileRef = 288765A40DF7441C002DB57D /* CoreGraphics.framework */; };
		5087E76717EB910900C73F5D /* libz.dylib in Frameworks */ = {isa = PBXBuildFile; fileRef = BF170DB412928DE900B8313A /* libz.dylib */; };
		5087E76817EB910900C73F5D /* QuartzCore.framework in Frameworks */ = {isa = PBXBuildFile; fileRef = BF1C47EA1293683800B63C5D /* QuartzCore.framework */; };
		5087E76917EB910900C73F5D /* OpenAL.framework in Frameworks */ = {isa = PBXBuildFile; fileRef = D44C620B132DFF330009C878 /* OpenAL.framework */; };
		5087E76A17EB910900C73F5D /* AVFoundation.framework in Frameworks */ = {isa = PBXBuildFile; fileRef = D44C620D132DFF430009C878 /* AVFoundation.framework */; };
		5087E76B17EB910900C73F5D /* AudioToolbox.framework in Frameworks */ = {isa = PBXBuildFile; fileRef = D44C620F132DFF4E0009C878 /* AudioToolbox.framework */; };
		5087E77D17EB970100C73F5D /* Default-568h@2x.png in Resources */ = {isa = PBXBuildFile; fileRef = 5087E77217EB970100C73F5D /* Default-568h@2x.png */; };
		5087E77E17EB970100C73F5D /* Default.png in Resources */ = {isa = PBXBuildFile; fileRef = 5087E77317EB970100C73F5D /* Default.png */; };
		5087E77F17EB970100C73F5D /* Default@2x.png in Resources */ = {isa = PBXBuildFile; fileRef = 5087E77417EB970100C73F5D /* Default@2x.png */; };
		5087E78017EB970100C73F5D /* Icon-114.png in Resources */ = {isa = PBXBuildFile; fileRef = 5087E77517EB970100C73F5D /* Icon-114.png */; };
		5087E78117EB970100C73F5D /* Icon-120.png in Resources */ = {isa = PBXBuildFile; fileRef = 5087E77617EB970100C73F5D /* Icon-120.png */; };
		5087E78217EB970100C73F5D /* Icon-144.png in Resources */ = {isa = PBXBuildFile; fileRef = 5087E77717EB970100C73F5D /* Icon-144.png */; };
		5087E78317EB970100C73F5D /* Icon-152.png in Resources */ = {isa = PBXBuildFile; fileRef = 5087E77817EB970100C73F5D /* Icon-152.png */; };
		5087E78417EB970100C73F5D /* Icon-57.png in Resources */ = {isa = PBXBuildFile; fileRef = 5087E77917EB970100C73F5D /* Icon-57.png */; };
		5087E78517EB970100C73F5D /* Icon-72.png in Resources */ = {isa = PBXBuildFile; fileRef = 5087E77A17EB970100C73F5D /* Icon-72.png */; };
		5087E78617EB970100C73F5D /* Icon-76.png in Resources */ = {isa = PBXBuildFile; fileRef = 5087E77B17EB970100C73F5D /* Icon-76.png */; };
		5087E78917EB974C00C73F5D /* AppKit.framework in Frameworks */ = {isa = PBXBuildFile; fileRef = 5087E78817EB974C00C73F5D /* AppKit.framework */; };
		5087E78B17EB975400C73F5D /* OpenGL.framework in Frameworks */ = {isa = PBXBuildFile; fileRef = 5087E78A17EB975400C73F5D /* OpenGL.framework */; };
		50EF629617ECD46A001EB2F8 /* Icon-40.png in Resources */ = {isa = PBXBuildFile; fileRef = 50EF629217ECD46A001EB2F8 /* Icon-40.png */; };
		50EF629717ECD46A001EB2F8 /* Icon-58.png in Resources */ = {isa = PBXBuildFile; fileRef = 50EF629317ECD46A001EB2F8 /* Icon-58.png */; };
		50EF629817ECD46A001EB2F8 /* Icon-80.png in Resources */ = {isa = PBXBuildFile; fileRef = 50EF629417ECD46A001EB2F8 /* Icon-80.png */; };
		50EF629917ECD46A001EB2F8 /* Icon-100.png in Resources */ = {isa = PBXBuildFile; fileRef = 50EF629517ECD46A001EB2F8 /* Icon-100.png */; };
		50EF62A217ECD613001EB2F8 /* Icon-29.png in Resources */ = {isa = PBXBuildFile; fileRef = 50EF62A017ECD613001EB2F8 /* Icon-29.png */; };
		50EF62A317ECD613001EB2F8 /* Icon-50.png in Resources */ = {isa = PBXBuildFile; fileRef = 50EF62A117ECD613001EB2F8 /* Icon-50.png */; };
		5B0B7C981980BE8100D1719F /* jump.wav in Resources */ = {isa = PBXBuildFile; fileRef = 5B0B7C951980BE8100D1719F /* jump.wav */; };
		5B0B7C991980BE8100D1719F /* jump.wav in Resources */ = {isa = PBXBuildFile; fileRef = 5B0B7C951980BE8100D1719F /* jump.wav */; };
		5B0B7CA1198108B100D1719F /* land.wav in Resources */ = {isa = PBXBuildFile; fileRef = 5B0B7CA0198108B100D1719F /* land.wav */; };
		5B0B7CA2198108B100D1719F /* land.wav in Resources */ = {isa = PBXBuildFile; fileRef = 5B0B7CA0198108B100D1719F /* land.wav */; };
		5B0B7CA419810B1F00D1719F /* dash3.wav in Resources */ = {isa = PBXBuildFile; fileRef = 5B0B7CA319810B1F00D1719F /* dash3.wav */; };
		5B0B7CA519810B1F00D1719F /* dash3.wav in Resources */ = {isa = PBXBuildFile; fileRef = 5B0B7CA319810B1F00D1719F /* dash3.wav */; };
		5B0B7CA719810B2D00D1719F /* fa2.wav in Resources */ = {isa = PBXBuildFile; fileRef = 5B0B7CA619810B2D00D1719F /* fa2.wav */; };
		5B0B7CA819810B2D00D1719F /* fa2.wav in Resources */ = {isa = PBXBuildFile; fileRef = 5B0B7CA619810B2D00D1719F /* fa2.wav */; };
		5B23D0EF1989E7C000F87AD8 /* ready.png in Resources */ = {isa = PBXBuildFile; fileRef = 5B23D0EE1989E7C000F87AD8 /* ready.png */; };
		5B23D0F01989E7C000F87AD8 /* ready.png in Resources */ = {isa = PBXBuildFile; fileRef = 5B23D0EE1989E7C000F87AD8 /* ready.png */; };
		5B23D0FE1989F7D600F87AD8 /* ready3.wav in Resources */ = {isa = PBXBuildFile; fileRef = 5B23D0FD1989F7D600F87AD8 /* ready3.wav */; };
		5B23D0FF1989F7D600F87AD8 /* ready3.wav in Resources */ = {isa = PBXBuildFile; fileRef = 5B23D0FD1989F7D600F87AD8 /* ready3.wav */; };
		5B23D101198A1F2900F87AD8 /* ready.mp3 in Resources */ = {isa = PBXBuildFile; fileRef = 5B23D100198A1F2900F87AD8 /* ready.mp3 */; };
		5B23D102198A1F2900F87AD8 /* ready.mp3 in Resources */ = {isa = PBXBuildFile; fileRef = 5B23D100198A1F2900F87AD8 /* ready.mp3 */; };
		5B29B5B1197CEC6300B54E55 /* openingStage.mp3 in Resources */ = {isa = PBXBuildFile; fileRef = 5B29B5B0197CEC6300B54E55 /* openingStage.mp3 */; };
		5B29B5B2197CEC6300B54E55 /* openingStage.mp3 in Resources */ = {isa = PBXBuildFile; fileRef = 5B29B5B0197CEC6300B54E55 /* openingStage.mp3 */; };
		5B29B5BB197D585F00B54E55 /* forceArrow.wav in Resources */ = {isa = PBXBuildFile; fileRef = 5B29B5BA197D585F00B54E55 /* forceArrow.wav */; };
		5B29B5BC197D585F00B54E55 /* forceArrow.wav in Resources */ = {isa = PBXBuildFile; fileRef = 5B29B5BA197D585F00B54E55 /* forceArrow.wav */; };
		5B2D27D51983241D00F7FBCA /* chargeComp.wav in Resources */ = {isa = PBXBuildFile; fileRef = 5B2D27D41983241D00F7FBCA /* chargeComp.wav */; };
		5B2D27D61983241D00F7FBCA /* chargeComp.wav in Resources */ = {isa = PBXBuildFile; fileRef = 5B2D27D41983241D00F7FBCA /* chargeComp.wav */; };
		5B2D27D81983245D00F7FBCA /* charge2.wav in Resources */ = {isa = PBXBuildFile; fileRef = 5B2D27D71983245D00F7FBCA /* charge2.wav */; };
		5B2D27D91983245D00F7FBCA /* charge2.wav in Resources */ = {isa = PBXBuildFile; fileRef = 5B2D27D71983245D00F7FBCA /* charge2.wav */; };
		5B2D27DC1983368C00F7FBCA /* chargeShotVoice.wav in Resources */ = {isa = PBXBuildFile; fileRef = 5B2D27DA1983368C00F7FBCA /* chargeShotVoice.wav */; };
		5B2D27DD1983368C00F7FBCA /* chargeShotVoice.wav in Resources */ = {isa = PBXBuildFile; fileRef = 5B2D27DA1983368C00F7FBCA /* chargeShotVoice.wav */; };
		5B2D27DE1983368C00F7FBCA /* forceArrow_MAXCharge.wav in Resources */ = {isa = PBXBuildFile; fileRef = 5B2D27DB1983368C00F7FBCA /* forceArrow_MAXCharge.wav */; };
		5B2D27DF1983368C00F7FBCA /* forceArrow_MAXCharge.wav in Resources */ = {isa = PBXBuildFile; fileRef = 5B2D27DB1983368C00F7FBCA /* forceArrow_MAXCharge.wav */; };
		5B2D27E11983381700F7FBCA /* LJump.wav in Resources */ = {isa = PBXBuildFile; fileRef = 5B2D27E01983381700F7FBCA /* LJump.wav */; };
		5B2D27E21983381700F7FBCA /* LJump.wav in Resources */ = {isa = PBXBuildFile; fileRef = 5B2D27E01983381700F7FBCA /* LJump.wav */; };
		5B2D27E41983381F00F7FBCA /* LDash.wav in Resources */ = {isa = PBXBuildFile; fileRef = 5B2D27E31983381F00F7FBCA /* LDash.wav */; };
		5B2D27E51983381F00F7FBCA /* LDash.wav in Resources */ = {isa = PBXBuildFile; fileRef = 5B2D27E31983381F00F7FBCA /* LDash.wav */; };
		5B2D27E71983665D00F7FBCA /* ChrChip2.png in Resources */ = {isa = PBXBuildFile; fileRef = 5B2D27E61983665D00F7FBCA /* ChrChip2.png */; };
		5B2D27E81983665D00F7FBCA /* ChrChip2.png in Resources */ = {isa = PBXBuildFile; fileRef = 5B2D27E61983665D00F7FBCA /* ChrChip2.png */; };
		5B3625FD19AA032B00A6B3E0 /* Aqua_pfont.ttf in Resources */ = {isa = PBXBuildFile; fileRef = 5B3625FC19AA032B00A6B3E0 /* Aqua_pfont.ttf */; };
		5B3625FE19AA032B00A6B3E0 /* Aqua_pfont.ttf in Resources */ = {isa = PBXBuildFile; fileRef = 5B3625FC19AA032B00A6B3E0 /* Aqua_pfont.ttf */; };
		5B36260219AA103500A6B3E0 /* Luna.cpp in Sources */ = {isa = PBXBuildFile; fileRef = 5B36260019AA103500A6B3E0 /* Luna.cpp */; };
		5B36260319AA103500A6B3E0 /* Luna.cpp in Sources */ = {isa = PBXBuildFile; fileRef = 5B36260019AA103500A6B3E0 /* Luna.cpp */; };
		5B36260719AAC01C00A6B3E0 /* LunaState.cpp in Sources */ = {isa = PBXBuildFile; fileRef = 5B36260519AAC01C00A6B3E0 /* LunaState.cpp */; };
		5B36260819AAC01C00A6B3E0 /* LunaState.cpp in Sources */ = {isa = PBXBuildFile; fileRef = 5B36260519AAC01C00A6B3E0 /* LunaState.cpp */; };
		5B745E9C197BFD4100118FFB /* asiba.png in Resources */ = {isa = PBXBuildFile; fileRef = 5B745E94197BFD4100118FFB /* asiba.png */; };
		5B745E9D197BFD4100118FFB /* asiba.png in Resources */ = {isa = PBXBuildFile; fileRef = 5B745E94197BFD4100118FFB /* asiba.png */; };
		5B745EA2197BFD4100118FFB /* Luna.png in Resources */ = {isa = PBXBuildFile; fileRef = 5B745E97197BFD4100118FFB /* Luna.png */; };
		5B745EA3197BFD4100118FFB /* Luna.png in Resources */ = {isa = PBXBuildFile; fileRef = 5B745E97197BFD4100118FFB /* Luna.png */; };
		5B745EA4197BFD4100118FFB /* openingBg.jpeg in Resources */ = {isa = PBXBuildFile; fileRef = 5B745E98197BFD4100118FFB /* openingBg.jpeg */; };
		5B745EA5197BFD4100118FFB /* openingBg.jpeg in Resources */ = {isa = PBXBuildFile; fileRef = 5B745E98197BFD4100118FFB /* openingBg.jpeg */; };
		5B745EA6197BFD4100118FFB /* pause.png in Resources */ = {isa = PBXBuildFile; fileRef = 5B745E99197BFD4100118FFB /* pause.png */; };
		5B745EA7197BFD4100118FFB /* pause.png in Resources */ = {isa = PBXBuildFile; fileRef = 5B745E99197BFD4100118FFB /* pause.png */; };
		5B745EA8197BFD4100118FFB /* push.png in Resources */ = {isa = PBXBuildFile; fileRef = 5B745E9A197BFD4100118FFB /* push.png */; };
		5B745EA9197BFD4100118FFB /* push.png in Resources */ = {isa = PBXBuildFile; fileRef = 5B745E9A197BFD4100118FFB /* push.png */; };
		5B745EAA197BFD4100118FFB /* title.jpg in Resources */ = {isa = PBXBuildFile; fileRef = 5B745E9B197BFD4100118FFB /* title.jpg */; };
		5B745EAB197BFD4100118FFB /* title.jpg in Resources */ = {isa = PBXBuildFile; fileRef = 5B745E9B197BFD4100118FFB /* title.jpg */; };
		5B7F21E819A4EBA600148ACA /* WindowState.cpp in Sources */ = {isa = PBXBuildFile; fileRef = 5B7F21E619A4EBA600148ACA /* WindowState.cpp */; };
		5B7F21E919A4EBA600148ACA /* WindowState.cpp in Sources */ = {isa = PBXBuildFile; fileRef = 5B7F21E619A4EBA600148ACA /* WindowState.cpp */; };
		5B904CB01990D94200AC6B47 /* ground.png in Resources */ = {isa = PBXBuildFile; fileRef = 5B904CAF1990D94200AC6B47 /* ground.png */; };
		5B904CB11990D94200AC6B47 /* ground.png in Resources */ = {isa = PBXBuildFile; fileRef = 5B904CAF1990D94200AC6B47 /* ground.png */; };
		5B904CB31990D95600AC6B47 /* UI.png in Resources */ = {isa = PBXBuildFile; fileRef = 5B904CB21990D95600AC6B47 /* UI.png */; };
		5B904CB41990D95600AC6B47 /* UI.png in Resources */ = {isa = PBXBuildFile; fileRef = 5B904CB21990D95600AC6B47 /* UI.png */; };
		5B904CC61994928300AC6B47 /* lunaBody.png in Resources */ = {isa = PBXBuildFile; fileRef = 5B904CC51994928300AC6B47 /* lunaBody.png */; };
		5B904CC71994928300AC6B47 /* lunaBody.png in Resources */ = {isa = PBXBuildFile; fileRef = 5B904CC51994928300AC6B47 /* lunaBody.png */; };
		5BCDA674199C864B00A59255 /* MessageWindow.cpp in Sources */ = {isa = PBXBuildFile; fileRef = 5BCDA672199C864B00A59255 /* MessageWindow.cpp */; };
		5BCDA675199C864B00A59255 /* MessageWindow.cpp in Sources */ = {isa = PBXBuildFile; fileRef = 5BCDA672199C864B00A59255 /* MessageWindow.cpp */; };
		5BD08557198A6A6C00A48E08 /* middle_fa3.wav in Resources */ = {isa = PBXBuildFile; fileRef = 5BD08556198A6A6C00A48E08 /* middle_fa3.wav */; };
		5BD08558198A6A6C00A48E08 /* middle_fa3.wav in Resources */ = {isa = PBXBuildFile; fileRef = 5BD08556198A6A6C00A48E08 /* middle_fa3.wav */; };
		5BD0855A198A826C00A48E08 /* bullet.png in Resources */ = {isa = PBXBuildFile; fileRef = 5BD08559198A826C00A48E08 /* bullet.png */; };
		5BD0855B198A826C00A48E08 /* bullet.png in Resources */ = {isa = PBXBuildFile; fileRef = 5BD08559198A826C00A48E08 /* bullet.png */; };
		5BD0855D198A866E00A48E08 /* block.jpg in Resources */ = {isa = PBXBuildFile; fileRef = 5BD0855C198A866E00A48E08 /* block.jpg */; };
		5BD0855E198A866E00A48E08 /* block.jpg in Resources */ = {isa = PBXBuildFile; fileRef = 5BD0855C198A866E00A48E08 /* block.jpg */; };
		5BD08560198B6A2400A48E08 /* menu.png in Resources */ = {isa = PBXBuildFile; fileRef = 5BD0855F198B6A2400A48E08 /* menu.png */; };
		5BD08561198B6A2400A48E08 /* menu.png in Resources */ = {isa = PBXBuildFile; fileRef = 5BD0855F198B6A2400A48E08 /* menu.png */; };
		5BD08563198B6A7B00A48E08 /* pause.wav in Resources */ = {isa = PBXBuildFile; fileRef = 5BD08562198B6A7B00A48E08 /* pause.wav */; };
		5BD08564198B6A7B00A48E08 /* pause.wav in Resources */ = {isa = PBXBuildFile; fileRef = 5BD08562198B6A7B00A48E08 /* pause.wav */; };
		5BD08569198BDA5E00A48E08 /* smoke.png in Resources */ = {isa = PBXBuildFile; fileRef = 5BD08568198BDA5E00A48E08 /* smoke.png */; };
		5BD0856A198BDA5E00A48E08 /* smoke.png in Resources */ = {isa = PBXBuildFile; fileRef = 5BD08568198BDA5E00A48E08 /* smoke.png */; };
		5BD0856F198DBB8400A48E08 /* kirara.mp3 in Resources */ = {isa = PBXBuildFile; fileRef = 5BD0856E198DBB8400A48E08 /* kirara.mp3 */; };
		5BD08570198DBB8400A48E08 /* kirara.mp3 in Resources */ = {isa = PBXBuildFile; fileRef = 5BD0856E198DBB8400A48E08 /* kirara.mp3 */; };
		5BD08572198DC7B800A48E08 /* MessageBack.png in Resources */ = {isa = PBXBuildFile; fileRef = 5BD08571198DC7B800A48E08 /* MessageBack.png */; };
		5BD08573198DC7B800A48E08 /* MessageBack.png in Resources */ = {isa = PBXBuildFile; fileRef = 5BD08571198DC7B800A48E08 /* MessageBack.png */; };
		5BD08578198DE24E00A48E08 /* MessageName.png in Resources */ = {isa = PBXBuildFile; fileRef = 5BD08577198DE24E00A48E08 /* MessageName.png */; };
		5BD08579198DE24E00A48E08 /* MessageName.png in Resources */ = {isa = PBXBuildFile; fileRef = 5BD08577198DE24E00A48E08 /* MessageName.png */; };
		5BD0857B198DE2CC00A48E08 /* span.mp3 in Resources */ = {isa = PBXBuildFile; fileRef = 5BD0857A198DE2CC00A48E08 /* span.mp3 */; };
		5BD0857C198DE2CC00A48E08 /* span.mp3 in Resources */ = {isa = PBXBuildFile; fileRef = 5BD0857A198DE2CC00A48E08 /* span.mp3 */; };
		5BD0857E198E2AB800A48E08 /* lunaFace.png in Resources */ = {isa = PBXBuildFile; fileRef = 5BD0857D198E2AB800A48E08 /* lunaFace.png */; };
		5BD0857F198E2AB800A48E08 /* lunaFace.png in Resources */ = {isa = PBXBuildFile; fileRef = 5BD0857D198E2AB800A48E08 /* lunaFace.png */; };
		5BD08582198F084500A48E08 /* MessageBack2.png in Resources */ = {isa = PBXBuildFile; fileRef = 5BD08581198F084500A48E08 /* MessageBack2.png */; };
		5BD08583198F084500A48E08 /* MessageBack2.png in Resources */ = {isa = PBXBuildFile; fileRef = 5BD08581198F084500A48E08 /* MessageBack2.png */; };
		5BD0858B198F152800A48E08 /* message3.wav in Resources */ = {isa = PBXBuildFile; fileRef = 5BD0858A198F152800A48E08 /* message3.wav */; };
		5BD0858C198F152800A48E08 /* message3.wav in Resources */ = {isa = PBXBuildFile; fileRef = 5BD0858A198F152800A48E08 /* message3.wav */; };
		5BD0858E198F659200A48E08 /* windowB.mp3 in Resources */ = {isa = PBXBuildFile; fileRef = 5BD0858D198F659200A48E08 /* windowB.mp3 */; };
		5BD0858F198F659200A48E08 /* windowB.mp3 in Resources */ = {isa = PBXBuildFile; fileRef = 5BD0858D198F659200A48E08 /* windowB.mp3 */; };
		5BD08597198F949800A48E08 /* shootingBlaze.wav in Resources */ = {isa = PBXBuildFile; fileRef = 5BD08596198F949800A48E08 /* shootingBlaze.wav */; };
		5BD08598198F949800A48E08 /* shootingBlaze.wav in Resources */ = {isa = PBXBuildFile; fileRef = 5BD08596198F949800A48E08 /* shootingBlaze.wav */; };
		5BD0859A198F94AA00A48E08 /* shootingBlaze.png in Resources */ = {isa = PBXBuildFile; fileRef = 5BD08599198F94AA00A48E08 /* shootingBlaze.png */; };
		5BD0859B198F94AA00A48E08 /* shootingBlaze.png in Resources */ = {isa = PBXBuildFile; fileRef = 5BD08599198F94AA00A48E08 /* shootingBlaze.png */; };
		5BD665AA19ACEF9700C731A4 /* StageStartEffect.cpp in Sources */ = {isa = PBXBuildFile; fileRef = 5BD665A819ACEF9700C731A4 /* StageStartEffect.cpp */; };
		5BD665AB19ACEF9700C731A4 /* StageStartEffect.cpp in Sources */ = {isa = PBXBuildFile; fileRef = 5BD665A819ACEF9700C731A4 /* StageStartEffect.cpp */; };
		BA5488AD192567590023B390 /* ImageUtil.cpp in Sources */ = {isa = PBXBuildFile; fileRef = BA5488AB192567590023B390 /* ImageUtil.cpp */; };
		BA5488AE19256AAC0023B390 /* ImageUtil.cpp in Sources */ = {isa = PBXBuildFile; fileRef = BA5488AB192567590023B390 /* ImageUtil.cpp */; };
		BA5FD39E18F4980800EDAC79 /* InputManager.cpp in Sources */ = {isa = PBXBuildFile; fileRef = BA5FD39C18F4980800EDAC79 /* InputManager.cpp */; };
		BA5FD39F18F4980800EDAC79 /* InputManager.cpp in Sources */ = {isa = PBXBuildFile; fileRef = BA5FD39C18F4980800EDAC79 /* InputManager.cpp */; };
		BAE3AC9818F0CE51007F758A /* GameMain.cpp in Sources */ = {isa = PBXBuildFile; fileRef = BAE3AC9618F0CE51007F758A /* GameMain.cpp */; };
		BAE3AC9918F0CE51007F758A /* GameMain.cpp in Sources */ = {isa = PBXBuildFile; fileRef = BAE3AC9618F0CE51007F758A /* GameMain.cpp */; };
		BF171245129291EC00B8313A /* OpenGLES.framework in Frameworks */ = {isa = PBXBuildFile; fileRef = BF170DB012928DE900B8313A /* OpenGLES.framework */; };
		BF1712471292920000B8313A /* libz.dylib in Frameworks */ = {isa = PBXBuildFile; fileRef = BF170DB412928DE900B8313A /* libz.dylib */; };
		BF1C47F01293687400B63C5D /* QuartzCore.framework in Frameworks */ = {isa = PBXBuildFile; fileRef = BF1C47EA1293683800B63C5D /* QuartzCore.framework */; };
		D44C620C132DFF330009C878 /* OpenAL.framework in Frameworks */ = {isa = PBXBuildFile; fileRef = D44C620B132DFF330009C878 /* OpenAL.framework */; };
		D44C620E132DFF430009C878 /* AVFoundation.framework in Frameworks */ = {isa = PBXBuildFile; fileRef = D44C620D132DFF430009C878 /* AVFoundation.framework */; };
		D44C6210132DFF4E0009C878 /* AudioToolbox.framework in Frameworks */ = {isa = PBXBuildFile; fileRef = D44C620F132DFF4E0009C878 /* AudioToolbox.framework */; };
		D6B0611B1803AB670077942B /* CoreMotion.framework in Frameworks */ = {isa = PBXBuildFile; fileRef = D6B0611A1803AB670077942B /* CoreMotion.framework */; };
/* End PBXBuildFile section */

/* Begin PBXContainerItemProxy section */
		1AC6FAF8180E9839004C840B /* PBXContainerItemProxy */ = {
			isa = PBXContainerItemProxy;
			containerPortal = 1AC6FAE5180E9839004C840B /* cocos2d_libs.xcodeproj */;
			proxyType = 2;
			remoteGlobalIDString = 1551A33F158F2AB200E66CFE;
			remoteInfo = "cocos2dx Mac";
		};
		1AC6FAFA180E9839004C840B /* PBXContainerItemProxy */ = {
			isa = PBXContainerItemProxy;
			containerPortal = 1AC6FAE5180E9839004C840B /* cocos2d_libs.xcodeproj */;
			proxyType = 2;
			remoteGlobalIDString = A03F2FD617814595006731B9;
			remoteInfo = "cocos2dx-extensions Mac";
		};
		1AC6FAFC180E9839004C840B /* PBXContainerItemProxy */ = {
			isa = PBXContainerItemProxy;
			containerPortal = 1AC6FAE5180E9839004C840B /* cocos2d_libs.xcodeproj */;
			proxyType = 2;
			remoteGlobalIDString = A03F2CB81780BD04006731B9;
			remoteInfo = "chipmunk Mac";
		};
		1AC6FAFE180E9839004C840B /* PBXContainerItemProxy */ = {
			isa = PBXContainerItemProxy;
			containerPortal = 1AC6FAE5180E9839004C840B /* cocos2d_libs.xcodeproj */;
			proxyType = 2;
			remoteGlobalIDString = A03F2D9B1780BDF7006731B9;
			remoteInfo = "box2d Mac";
		};
		1AC6FB00180E9839004C840B /* PBXContainerItemProxy */ = {
			isa = PBXContainerItemProxy;
			containerPortal = 1AC6FAE5180E9839004C840B /* cocos2d_libs.xcodeproj */;
			proxyType = 2;
			remoteGlobalIDString = A03F2ED617814268006731B9;
			remoteInfo = "CocosDenshion Mac";
		};
		1AC6FB02180E9839004C840B /* PBXContainerItemProxy */ = {
			isa = PBXContainerItemProxy;
			containerPortal = 1AC6FAE5180E9839004C840B /* cocos2d_libs.xcodeproj */;
			proxyType = 2;
			remoteGlobalIDString = A03F31FD1781479B006731B9;
			remoteInfo = "jsbindings Mac";
		};
		1AC6FB04180E9839004C840B /* PBXContainerItemProxy */ = {
			isa = PBXContainerItemProxy;
			containerPortal = 1AC6FAE5180E9839004C840B /* cocos2d_libs.xcodeproj */;
			proxyType = 2;
			remoteGlobalIDString = 1A6FB53017854BC300CDF010;
			remoteInfo = "luabindings Mac";
		};
		1AC6FB06180E9839004C840B /* PBXContainerItemProxy */ = {
			isa = PBXContainerItemProxy;
			containerPortal = 1AC6FAE5180E9839004C840B /* cocos2d_libs.xcodeproj */;
			proxyType = 2;
			remoteGlobalIDString = A07A4D641783777C0073F6A7;
			remoteInfo = "cocos2dx iOS";
		};
		1AC6FB08180E9839004C840B /* PBXContainerItemProxy */ = {
			isa = PBXContainerItemProxy;
			containerPortal = 1AC6FAE5180E9839004C840B /* cocos2d_libs.xcodeproj */;
			proxyType = 2;
			remoteGlobalIDString = A07A4EFC1783867C0073F6A7;
			remoteInfo = "cocos2dx-extensions iOS";
		};
		1AC6FB0A180E9839004C840B /* PBXContainerItemProxy */ = {
			isa = PBXContainerItemProxy;
			containerPortal = 1AC6FAE5180E9839004C840B /* cocos2d_libs.xcodeproj */;
			proxyType = 2;
			remoteGlobalIDString = A07A4F3B178387670073F6A7;
			remoteInfo = "chipmunk iOS";
		};
		1AC6FB0C180E9839004C840B /* PBXContainerItemProxy */ = {
			isa = PBXContainerItemProxy;
			containerPortal = 1AC6FAE5180E9839004C840B /* cocos2d_libs.xcodeproj */;
			proxyType = 2;
			remoteGlobalIDString = A07A4F9E1783876B0073F6A7;
			remoteInfo = "box2d iOS";
		};
		1AC6FB0E180E9839004C840B /* PBXContainerItemProxy */ = {
			isa = PBXContainerItemProxy;
			containerPortal = 1AC6FAE5180E9839004C840B /* cocos2d_libs.xcodeproj */;
			proxyType = 2;
			remoteGlobalIDString = A07A4FB4178387730073F6A7;
			remoteInfo = "CocosDenshion iOS";
		};
		1AC6FB10180E9839004C840B /* PBXContainerItemProxy */ = {
			isa = PBXContainerItemProxy;
			containerPortal = 1AC6FAE5180E9839004C840B /* cocos2d_libs.xcodeproj */;
			proxyType = 2;
			remoteGlobalIDString = A07A5030178387750073F6A7;
			remoteInfo = "jsbindings iOS";
		};
		1AC6FB12180E9839004C840B /* PBXContainerItemProxy */ = {
			isa = PBXContainerItemProxy;
			containerPortal = 1AC6FAE5180E9839004C840B /* cocos2d_libs.xcodeproj */;
			proxyType = 2;
			remoteGlobalIDString = 1A119791178526AA00D62A44;
			remoteInfo = "luabindings iOS";
		};
		1AC6FB15180E9959004C840B /* PBXContainerItemProxy */ = {
			isa = PBXContainerItemProxy;
			containerPortal = 1AC6FAE5180E9839004C840B /* cocos2d_libs.xcodeproj */;
			proxyType = 1;
			remoteGlobalIDString = 1551A33E158F2AB200E66CFE;
			remoteInfo = "cocos2dx Mac";
		};
		1AC6FB17180E9959004C840B /* PBXContainerItemProxy */ = {
			isa = PBXContainerItemProxy;
			containerPortal = 1AC6FAE5180E9839004C840B /* cocos2d_libs.xcodeproj */;
			proxyType = 1;
			remoteGlobalIDString = A03F2FC117814595006731B9;
			remoteInfo = "cocos2dx-extensions Mac";
		};
		1AC6FB19180E9959004C840B /* PBXContainerItemProxy */ = {
			isa = PBXContainerItemProxy;
			containerPortal = 1AC6FAE5180E9839004C840B /* cocos2d_libs.xcodeproj */;
			proxyType = 1;
			remoteGlobalIDString = A03F2B781780BD04006731B9;
			remoteInfo = "chipmunk Mac";
		};
		1AC6FB1B180E9959004C840B /* PBXContainerItemProxy */ = {
			isa = PBXContainerItemProxy;
			containerPortal = 1AC6FAE5180E9839004C840B /* cocos2d_libs.xcodeproj */;
			proxyType = 1;
			remoteGlobalIDString = A03F2E9817814268006731B9;
			remoteInfo = "CocosDenshion Mac";
		};
		1AC6FB1D180E9963004C840B /* PBXContainerItemProxy */ = {
			isa = PBXContainerItemProxy;
			containerPortal = 1AC6FAE5180E9839004C840B /* cocos2d_libs.xcodeproj */;
			proxyType = 1;
			remoteGlobalIDString = A03F2D5D1780BDF7006731B9;
			remoteInfo = "box2d Mac";
		};
		1AC6FB24180E99E1004C840B /* PBXContainerItemProxy */ = {
			isa = PBXContainerItemProxy;
			containerPortal = 1AC6FAE5180E9839004C840B /* cocos2d_libs.xcodeproj */;
			proxyType = 1;
			remoteGlobalIDString = A07A4C241783777C0073F6A7;
			remoteInfo = "cocos2dx iOS";
		};
		1AC6FB26180E99E1004C840B /* PBXContainerItemProxy */ = {
			isa = PBXContainerItemProxy;
			containerPortal = 1AC6FAE5180E9839004C840B /* cocos2d_libs.xcodeproj */;
			proxyType = 1;
			remoteGlobalIDString = A07A4E111783867C0073F6A7;
			remoteInfo = "cocos2dx-extensions iOS";
		};
		1AC6FB28180E99E1004C840B /* PBXContainerItemProxy */ = {
			isa = PBXContainerItemProxy;
			containerPortal = 1AC6FAE5180E9839004C840B /* cocos2d_libs.xcodeproj */;
			proxyType = 1;
			remoteGlobalIDString = A07A4EFD178387670073F6A7;
			remoteInfo = "chipmunk iOS";
		};
		1AC6FB2A180E99E1004C840B /* PBXContainerItemProxy */ = {
			isa = PBXContainerItemProxy;
			containerPortal = 1AC6FAE5180E9839004C840B /* cocos2d_libs.xcodeproj */;
			proxyType = 1;
			remoteGlobalIDString = A07A4F3C1783876B0073F6A7;
			remoteInfo = "box2d iOS";
		};
		1AC6FB2C180E99E1004C840B /* PBXContainerItemProxy */ = {
			isa = PBXContainerItemProxy;
			containerPortal = 1AC6FAE5180E9839004C840B /* cocos2d_libs.xcodeproj */;
			proxyType = 1;
			remoteGlobalIDString = A07A4F9F178387730073F6A7;
			remoteInfo = "CocosDenshion iOS";
		};
/* End PBXContainerItemProxy section */

/* Begin PBXFileReference section */
		047E748819AB759F002B9FF8 /* PlayStage.cpp */ = {isa = PBXFileReference; fileEncoding = 4; lastKnownFileType = sourcecode.cpp.cpp; path = PlayStage.cpp; sourceTree = "<group>"; };
		047E748919AB759F002B9FF8 /* PlayStage.h */ = {isa = PBXFileReference; fileEncoding = 4; lastKnownFileType = sourcecode.c.h; path = PlayStage.h; sourceTree = "<group>"; };
		047E748D19AB7621002B9FF8 /* PlayStage1.cpp */ = {isa = PBXFileReference; fileEncoding = 4; lastKnownFileType = sourcecode.cpp.cpp; path = PlayStage1.cpp; sourceTree = "<group>"; };
		047E748E19AB7621002B9FF8 /* PlayStage1.h */ = {isa = PBXFileReference; fileEncoding = 4; lastKnownFileType = sourcecode.c.h; path = PlayStage1.h; sourceTree = "<group>"; };
		047E749219AB7EC9002B9FF8 /* PlayStage1State.cpp */ = {isa = PBXFileReference; fileEncoding = 4; lastKnownFileType = sourcecode.cpp.cpp; path = PlayStage1State.cpp; sourceTree = "<group>"; };
		047E749319AB7EC9002B9FF8 /* PlayStage1State.h */ = {isa = PBXFileReference; fileEncoding = 4; lastKnownFileType = sourcecode.c.h; path = PlayStage1State.h; sourceTree = "<group>"; };
		047E749719AB83EF002B9FF8 /* TextureManager.cpp */ = {isa = PBXFileReference; fileEncoding = 4; lastKnownFileType = sourcecode.cpp.cpp; name = TextureManager.cpp; path = ../Classes/TextureManager.cpp; sourceTree = "<group>"; };
		047E749819AB83EF002B9FF8 /* TextureManager.h */ = {isa = PBXFileReference; fileEncoding = 4; lastKnownFileType = sourcecode.c.h; name = TextureManager.h; path = ../Classes/TextureManager.h; sourceTree = "<group>"; };
		047E749C19ABAA9D002B9FF8 /* StandingLunaImage.cpp */ = {isa = PBXFileReference; fileEncoding = 4; lastKnownFileType = sourcecode.cpp.cpp; name = StandingLunaImage.cpp; path = ../Classes/StandingLunaImage.cpp; sourceTree = "<group>"; };
		047E749D19ABAA9D002B9FF8 /* StandingLunaImage.h */ = {isa = PBXFileReference; fileEncoding = 4; lastKnownFileType = sourcecode.c.h; name = StandingLunaImage.h; path = ../Classes/StandingLunaImage.h; sourceTree = "<group>"; };
		047E74A119ABAFC2002B9FF8 /* StandingLunaImageState.cpp */ = {isa = PBXFileReference; fileEncoding = 4; lastKnownFileType = sourcecode.cpp.cpp; name = StandingLunaImageState.cpp; path = ../Classes/StandingLunaImageState.cpp; sourceTree = "<group>"; };
		047E74A219ABAFC2002B9FF8 /* StandingLunaImageState.h */ = {isa = PBXFileReference; fileEncoding = 4; lastKnownFileType = sourcecode.c.h; name = StandingLunaImageState.h; path = ../Classes/StandingLunaImageState.h; sourceTree = "<group>"; };
		1AC6FAE5180E9839004C840B /* cocos2d_libs.xcodeproj */ = {isa = PBXFileReference; lastKnownFileType = "wrapper.pb-project"; name = cocos2d_libs.xcodeproj; path = ../cocos2d/build/cocos2d_libs.xcodeproj; sourceTree = "<group>"; };
		1ACB3243164770DE00914215 /* libcurl.a */ = {isa = PBXFileReference; lastKnownFileType = archive.ar; name = libcurl.a; path = ../../cocos2dx/platform/third_party/ios/libraries/libcurl.a; sourceTree = "<group>"; };
		1AFAF8B316D35DE700DB1158 /* AppDelegate.cpp */ = {isa = PBXFileReference; fileEncoding = 4; lastKnownFileType = sourcecode.cpp.cpp; name = AppDelegate.cpp; path = ../Classes/AppDelegate.cpp; sourceTree = "<group>"; };
		1AFAF8B416D35DE700DB1158 /* AppDelegate.h */ = {isa = PBXFileReference; fileEncoding = 4; lastKnownFileType = sourcecode.c.h; name = AppDelegate.h; path = ../Classes/AppDelegate.h; sourceTree = "<group>"; };
		1AFAF8B516D35DE700DB1158 /* HelloWorldScene.cpp */ = {isa = PBXFileReference; fileEncoding = 4; lastKnownFileType = sourcecode.cpp.cpp; name = HelloWorldScene.cpp; path = ../Classes/HelloWorldScene.cpp; sourceTree = "<group>"; };
		1AFAF8B616D35DE700DB1158 /* HelloWorldScene.h */ = {isa = PBXFileReference; fileEncoding = 4; lastKnownFileType = sourcecode.c.h; name = HelloWorldScene.h; path = ../Classes/HelloWorldScene.h; sourceTree = "<group>"; };
		1AFAF8B916D35E4900DB1158 /* CloseNormal.png */ = {isa = PBXFileReference; lastKnownFileType = image.png; path = CloseNormal.png; sourceTree = "<group>"; };
		1AFAF8BA16D35E4900DB1158 /* CloseSelected.png */ = {isa = PBXFileReference; lastKnownFileType = image.png; path = CloseSelected.png; sourceTree = "<group>"; };
		1AFAF8BB16D35E4900DB1158 /* HelloWorld.png */ = {isa = PBXFileReference; lastKnownFileType = image.png; path = HelloWorld.png; sourceTree = "<group>"; };
		1D30AB110D05D00D00671497 /* Foundation.framework */ = {isa = PBXFileReference; lastKnownFileType = wrapper.framework; name = Foundation.framework; path = System/Library/Frameworks/Foundation.framework; sourceTree = SDKROOT; };
		1D6058910D05DD3D006BFB54 /* Stg14 iOS.app */ = {isa = PBXFileReference; explicitFileType = wrapper.application; includeInIndex = 0; path = "Stg14 iOS.app"; sourceTree = BUILT_PRODUCTS_DIR; };
		1DF5F4DF0D08C38300B7A737 /* UIKit.framework */ = {isa = PBXFileReference; lastKnownFileType = wrapper.framework; name = UIKit.framework; path = System/Library/Frameworks/UIKit.framework; sourceTree = SDKROOT; };
		288765A40DF7441C002DB57D /* CoreGraphics.framework */ = {isa = PBXFileReference; lastKnownFileType = wrapper.framework; name = CoreGraphics.framework; path = System/Library/Frameworks/CoreGraphics.framework; sourceTree = SDKROOT; };
		503AE0F617EB97AB00D1A890 /* Icon.icns */ = {isa = PBXFileReference; lastKnownFileType = image.icns; path = Icon.icns; sourceTree = "<group>"; };
		503AE0F717EB97AB00D1A890 /* Info.plist */ = {isa = PBXFileReference; fileEncoding = 4; lastKnownFileType = text.plist.xml; path = Info.plist; sourceTree = "<group>"; };
		503AE0FA17EB989F00D1A890 /* AppController.h */ = {isa = PBXFileReference; fileEncoding = 4; lastKnownFileType = sourcecode.c.h; name = AppController.h; path = ios/AppController.h; sourceTree = SOURCE_ROOT; };
		503AE0FB17EB989F00D1A890 /* AppController.mm */ = {isa = PBXFileReference; fileEncoding = 4; lastKnownFileType = sourcecode.cpp.objcpp; name = AppController.mm; path = ios/AppController.mm; sourceTree = SOURCE_ROOT; };
		503AE0FC17EB989F00D1A890 /* main.m */ = {isa = PBXFileReference; fileEncoding = 4; lastKnownFileType = sourcecode.c.objc; name = main.m; path = ios/main.m; sourceTree = SOURCE_ROOT; };
		503AE0FD17EB989F00D1A890 /* Prefix.pch */ = {isa = PBXFileReference; fileEncoding = 4; lastKnownFileType = sourcecode.c.h; name = Prefix.pch; path = ios/Prefix.pch; sourceTree = SOURCE_ROOT; };
		503AE0FE17EB989F00D1A890 /* RootViewController.h */ = {isa = PBXFileReference; fileEncoding = 4; lastKnownFileType = sourcecode.c.h; name = RootViewController.h; path = ios/RootViewController.h; sourceTree = SOURCE_ROOT; };
		503AE0FF17EB989F00D1A890 /* RootViewController.mm */ = {isa = PBXFileReference; fileEncoding = 4; lastKnownFileType = sourcecode.cpp.objcpp; name = RootViewController.mm; path = ios/RootViewController.mm; sourceTree = SOURCE_ROOT; };
		503AE10317EB98FF00D1A890 /* main.cpp */ = {isa = PBXFileReference; fileEncoding = 4; lastKnownFileType = sourcecode.cpp.cpp; name = main.cpp; path = mac/main.cpp; sourceTree = "<group>"; };
		503AE10417EB98FF00D1A890 /* Prefix.pch */ = {isa = PBXFileReference; fileEncoding = 4; lastKnownFileType = sourcecode.c.h; name = Prefix.pch; path = mac/Prefix.pch; sourceTree = "<group>"; };
		503AE11117EB99EE00D1A890 /* libcurl.dylib */ = {isa = PBXFileReference; lastKnownFileType = "compiled.mach-o.dylib"; name = libcurl.dylib; path = usr/lib/libcurl.dylib; sourceTree = SDKROOT; };
		503AE11A17EB9C5A00D1A890 /* IOKit.framework */ = {isa = PBXFileReference; lastKnownFileType = wrapper.framework; name = IOKit.framework; path = System/Library/Frameworks/IOKit.framework; sourceTree = SDKROOT; };
		5087E76F17EB910900C73F5D /* Stg14 Mac.app */ = {isa = PBXFileReference; explicitFileType = wrapper.application; includeInIndex = 0; path = "Stg14 Mac.app"; sourceTree = BUILT_PRODUCTS_DIR; };
		5087E77217EB970100C73F5D /* Default-568h@2x.png */ = {isa = PBXFileReference; lastKnownFileType = image.png; path = "Default-568h@2x.png"; sourceTree = "<group>"; };
		5087E77317EB970100C73F5D /* Default.png */ = {isa = PBXFileReference; lastKnownFileType = image.png; path = Default.png; sourceTree = "<group>"; };
		5087E77417EB970100C73F5D /* Default@2x.png */ = {isa = PBXFileReference; lastKnownFileType = image.png; path = "Default@2x.png"; sourceTree = "<group>"; };
		5087E77517EB970100C73F5D /* Icon-114.png */ = {isa = PBXFileReference; lastKnownFileType = image.png; path = "Icon-114.png"; sourceTree = "<group>"; };
		5087E77617EB970100C73F5D /* Icon-120.png */ = {isa = PBXFileReference; lastKnownFileType = image.png; path = "Icon-120.png"; sourceTree = "<group>"; };
		5087E77717EB970100C73F5D /* Icon-144.png */ = {isa = PBXFileReference; lastKnownFileType = image.png; path = "Icon-144.png"; sourceTree = "<group>"; };
		5087E77817EB970100C73F5D /* Icon-152.png */ = {isa = PBXFileReference; lastKnownFileType = image.png; path = "Icon-152.png"; sourceTree = "<group>"; };
		5087E77917EB970100C73F5D /* Icon-57.png */ = {isa = PBXFileReference; lastKnownFileType = image.png; path = "Icon-57.png"; sourceTree = "<group>"; };
		5087E77A17EB970100C73F5D /* Icon-72.png */ = {isa = PBXFileReference; lastKnownFileType = image.png; path = "Icon-72.png"; sourceTree = "<group>"; };
		5087E77B17EB970100C73F5D /* Icon-76.png */ = {isa = PBXFileReference; lastKnownFileType = image.png; path = "Icon-76.png"; sourceTree = "<group>"; };
		5087E77C17EB970100C73F5D /* Info.plist */ = {isa = PBXFileReference; fileEncoding = 4; lastKnownFileType = text.plist.xml; path = Info.plist; sourceTree = "<group>"; };
		5087E78817EB974C00C73F5D /* AppKit.framework */ = {isa = PBXFileReference; lastKnownFileType = wrapper.framework; name = AppKit.framework; path = System/Library/Frameworks/AppKit.framework; sourceTree = SDKROOT; };
		5087E78A17EB975400C73F5D /* OpenGL.framework */ = {isa = PBXFileReference; lastKnownFileType = wrapper.framework; name = OpenGL.framework; path = System/Library/Frameworks/OpenGL.framework; sourceTree = SDKROOT; };
		50EF629217ECD46A001EB2F8 /* Icon-40.png */ = {isa = PBXFileReference; lastKnownFileType = image.png; path = "Icon-40.png"; sourceTree = "<group>"; };
		50EF629317ECD46A001EB2F8 /* Icon-58.png */ = {isa = PBXFileReference; lastKnownFileType = image.png; path = "Icon-58.png"; sourceTree = "<group>"; };
		50EF629417ECD46A001EB2F8 /* Icon-80.png */ = {isa = PBXFileReference; lastKnownFileType = image.png; path = "Icon-80.png"; sourceTree = "<group>"; };
		50EF629517ECD46A001EB2F8 /* Icon-100.png */ = {isa = PBXFileReference; lastKnownFileType = image.png; path = "Icon-100.png"; sourceTree = "<group>"; };
		50EF62A017ECD613001EB2F8 /* Icon-29.png */ = {isa = PBXFileReference; lastKnownFileType = image.png; path = "Icon-29.png"; sourceTree = "<group>"; };
		50EF62A117ECD613001EB2F8 /* Icon-50.png */ = {isa = PBXFileReference; lastKnownFileType = image.png; path = "Icon-50.png"; sourceTree = "<group>"; };
		5B0B7C951980BE8100D1719F /* jump.wav */ = {isa = PBXFileReference; lastKnownFileType = audio.wav; path = jump.wav; sourceTree = "<group>"; };
		5B0B7CA0198108B100D1719F /* land.wav */ = {isa = PBXFileReference; lastKnownFileType = audio.wav; path = land.wav; sourceTree = "<group>"; };
		5B0B7CA319810B1F00D1719F /* dash3.wav */ = {isa = PBXFileReference; lastKnownFileType = audio.wav; path = dash3.wav; sourceTree = "<group>"; };
		5B0B7CA619810B2D00D1719F /* fa2.wav */ = {isa = PBXFileReference; lastKnownFileType = audio.wav; path = fa2.wav; sourceTree = "<group>"; };
		5B23D0EE1989E7C000F87AD8 /* ready.png */ = {isa = PBXFileReference; lastKnownFileType = image.png; path = ready.png; sourceTree = "<group>"; };
		5B23D0FD1989F7D600F87AD8 /* ready3.wav */ = {isa = PBXFileReference; lastKnownFileType = audio.wav; path = ready3.wav; sourceTree = "<group>"; };
		5B23D100198A1F2900F87AD8 /* ready.mp3 */ = {isa = PBXFileReference; lastKnownFileType = audio.mp3; path = ready.mp3; sourceTree = "<group>"; };
		5B29B5B0197CEC6300B54E55 /* openingStage.mp3 */ = {isa = PBXFileReference; lastKnownFileType = audio.mp3; path = openingStage.mp3; sourceTree = "<group>"; };
		5B29B5BA197D585F00B54E55 /* forceArrow.wav */ = {isa = PBXFileReference; lastKnownFileType = audio.wav; path = forceArrow.wav; sourceTree = "<group>"; };
		5B2D27D41983241D00F7FBCA /* chargeComp.wav */ = {isa = PBXFileReference; lastKnownFileType = audio.wav; path = chargeComp.wav; sourceTree = "<group>"; };
		5B2D27D71983245D00F7FBCA /* charge2.wav */ = {isa = PBXFileReference; lastKnownFileType = audio.wav; path = charge2.wav; sourceTree = "<group>"; };
		5B2D27DA1983368C00F7FBCA /* chargeShotVoice.wav */ = {isa = PBXFileReference; lastKnownFileType = audio.wav; path = chargeShotVoice.wav; sourceTree = "<group>"; };
		5B2D27DB1983368C00F7FBCA /* forceArrow_MAXCharge.wav */ = {isa = PBXFileReference; lastKnownFileType = audio.wav; path = forceArrow_MAXCharge.wav; sourceTree = "<group>"; };
		5B2D27E01983381700F7FBCA /* LJump.wav */ = {isa = PBXFileReference; lastKnownFileType = audio.wav; path = LJump.wav; sourceTree = "<group>"; };
		5B2D27E31983381F00F7FBCA /* LDash.wav */ = {isa = PBXFileReference; lastKnownFileType = audio.wav; path = LDash.wav; sourceTree = "<group>"; };
		5B2D27E61983665D00F7FBCA /* ChrChip2.png */ = {isa = PBXFileReference; lastKnownFileType = image.png; path = ChrChip2.png; sourceTree = "<group>"; };
		5B3625FC19AA032B00A6B3E0 /* Aqua_pfont.ttf */ = {isa = PBXFileReference; lastKnownFileType = file; path = Aqua_pfont.ttf; sourceTree = "<group>"; };
		5B36260019AA103500A6B3E0 /* Luna.cpp */ = {isa = PBXFileReference; fileEncoding = 4; lastKnownFileType = sourcecode.cpp.cpp; path = Luna.cpp; sourceTree = "<group>"; };
		5B36260119AA103500A6B3E0 /* Luna.h */ = {isa = PBXFileReference; fileEncoding = 4; lastKnownFileType = sourcecode.c.h; path = Luna.h; sourceTree = "<group>"; };
		5B36260519AAC01C00A6B3E0 /* LunaState.cpp */ = {isa = PBXFileReference; fileEncoding = 4; lastKnownFileType = sourcecode.cpp.cpp; name = LunaState.cpp; path = State/LunaState.cpp; sourceTree = "<group>"; };
		5B36260619AAC01C00A6B3E0 /* LunaState.h */ = {isa = PBXFileReference; fileEncoding = 4; lastKnownFileType = sourcecode.c.h; name = LunaState.h; path = State/LunaState.h; sourceTree = "<group>"; };
		5B745E94197BFD4100118FFB /* asiba.png */ = {isa = PBXFileReference; lastKnownFileType = image.png; path = asiba.png; sourceTree = "<group>"; };
		5B745E97197BFD4100118FFB /* Luna.png */ = {isa = PBXFileReference; lastKnownFileType = image.png; path = Luna.png; sourceTree = "<group>"; };
		5B745E98197BFD4100118FFB /* openingBg.jpeg */ = {isa = PBXFileReference; lastKnownFileType = image.jpeg; path = openingBg.jpeg; sourceTree = "<group>"; };
		5B745E99197BFD4100118FFB /* pause.png */ = {isa = PBXFileReference; lastKnownFileType = image.png; path = pause.png; sourceTree = "<group>"; };
		5B745E9A197BFD4100118FFB /* push.png */ = {isa = PBXFileReference; lastKnownFileType = image.png; path = push.png; sourceTree = "<group>"; };
		5B745E9B197BFD4100118FFB /* title.jpg */ = {isa = PBXFileReference; lastKnownFileType = image.jpeg; path = title.jpg; sourceTree = "<group>"; };
		5B7F21E619A4EBA600148ACA /* WindowState.cpp */ = {isa = PBXFileReference; fileEncoding = 4; lastKnownFileType = sourcecode.cpp.cpp; name = WindowState.cpp; path = ../Classes/Scene/GameMain/WindowState.cpp; sourceTree = "<group>"; };
		5B7F21E719A4EBA600148ACA /* WindowState.h */ = {isa = PBXFileReference; fileEncoding = 4; lastKnownFileType = sourcecode.c.h; name = WindowState.h; path = ../Classes/Scene/GameMain/WindowState.h; sourceTree = "<group>"; };
		5B904CAF1990D94200AC6B47 /* ground.png */ = {isa = PBXFileReference; lastKnownFileType = image.png; path = ground.png; sourceTree = "<group>"; };
		5B904CB21990D95600AC6B47 /* UI.png */ = {isa = PBXFileReference; lastKnownFileType = image.png; path = UI.png; sourceTree = "<group>"; };
		5B904CC51994928300AC6B47 /* lunaBody.png */ = {isa = PBXFileReference; lastKnownFileType = image.png; path = lunaBody.png; sourceTree = "<group>"; };
		5BCDA672199C864B00A59255 /* MessageWindow.cpp */ = {isa = PBXFileReference; fileEncoding = 4; lastKnownFileType = sourcecode.cpp.cpp; name = MessageWindow.cpp; path = ../Classes/Scene/GameMain/MessageWindow.cpp; sourceTree = "<group>"; };
		5BCDA673199C864B00A59255 /* MessageWindow.h */ = {isa = PBXFileReference; fileEncoding = 4; lastKnownFileType = sourcecode.c.h; name = MessageWindow.h; path = ../Classes/Scene/GameMain/MessageWindow.h; sourceTree = "<group>"; };
		5BD08556198A6A6C00A48E08 /* middle_fa3.wav */ = {isa = PBXFileReference; lastKnownFileType = audio.wav; path = middle_fa3.wav; sourceTree = "<group>"; };
		5BD08559198A826C00A48E08 /* bullet.png */ = {isa = PBXFileReference; lastKnownFileType = image.png; path = bullet.png; sourceTree = "<group>"; };
		5BD0855C198A866E00A48E08 /* block.jpg */ = {isa = PBXFileReference; lastKnownFileType = image.jpeg; path = block.jpg; sourceTree = "<group>"; };
		5BD0855F198B6A2400A48E08 /* menu.png */ = {isa = PBXFileReference; lastKnownFileType = image.png; path = menu.png; sourceTree = "<group>"; };
		5BD08562198B6A7B00A48E08 /* pause.wav */ = {isa = PBXFileReference; lastKnownFileType = audio.wav; path = pause.wav; sourceTree = "<group>"; };
		5BD08568198BDA5E00A48E08 /* smoke.png */ = {isa = PBXFileReference; lastKnownFileType = image.png; path = smoke.png; sourceTree = "<group>"; };
		5BD0856E198DBB8400A48E08 /* kirara.mp3 */ = {isa = PBXFileReference; lastKnownFileType = audio.mp3; path = kirara.mp3; sourceTree = "<group>"; };
		5BD08571198DC7B800A48E08 /* MessageBack.png */ = {isa = PBXFileReference; lastKnownFileType = image.png; path = MessageBack.png; sourceTree = "<group>"; };
		5BD08577198DE24E00A48E08 /* MessageName.png */ = {isa = PBXFileReference; lastKnownFileType = image.png; path = MessageName.png; sourceTree = "<group>"; };
		5BD0857A198DE2CC00A48E08 /* span.mp3 */ = {isa = PBXFileReference; lastKnownFileType = audio.mp3; path = span.mp3; sourceTree = "<group>"; };
		5BD0857D198E2AB800A48E08 /* lunaFace.png */ = {isa = PBXFileReference; lastKnownFileType = image.png; path = lunaFace.png; sourceTree = "<group>"; };
		5BD08581198F084500A48E08 /* MessageBack2.png */ = {isa = PBXFileReference; lastKnownFileType = image.png; path = MessageBack2.png; sourceTree = "<group>"; };
		5BD0858A198F152800A48E08 /* message3.wav */ = {isa = PBXFileReference; lastKnownFileType = audio.wav; path = message3.wav; sourceTree = "<group>"; };
		5BD0858D198F659200A48E08 /* windowB.mp3 */ = {isa = PBXFileReference; lastKnownFileType = audio.mp3; path = windowB.mp3; sourceTree = "<group>"; };
		5BD08596198F949800A48E08 /* shootingBlaze.wav */ = {isa = PBXFileReference; lastKnownFileType = audio.wav; path = shootingBlaze.wav; sourceTree = "<group>"; };
		5BD08599198F94AA00A48E08 /* shootingBlaze.png */ = {isa = PBXFileReference; lastKnownFileType = image.png; path = shootingBlaze.png; sourceTree = "<group>"; };
		5BD665A819ACEF9700C731A4 /* StageStartEffect.cpp */ = {isa = PBXFileReference; fileEncoding = 4; lastKnownFileType = sourcecode.cpp.cpp; path = StageStartEffect.cpp; sourceTree = "<group>"; };
		5BD665A919ACEF9700C731A4 /* StageStartEffect.h */ = {isa = PBXFileReference; fileEncoding = 4; lastKnownFileType = sourcecode.c.h; path = StageStartEffect.h; sourceTree = "<group>"; };
		BA5488AB192567590023B390 /* ImageUtil.cpp */ = {isa = PBXFileReference; fileEncoding = 4; lastKnownFileType = sourcecode.cpp.cpp; path = ImageUtil.cpp; sourceTree = "<group>"; };
		BA5488AC192567590023B390 /* ImageUtil.h */ = {isa = PBXFileReference; fileEncoding = 4; lastKnownFileType = sourcecode.c.h; path = ImageUtil.h; sourceTree = "<group>"; };
		BA5FD39C18F4980800EDAC79 /* InputManager.cpp */ = {isa = PBXFileReference; fileEncoding = 4; lastKnownFileType = sourcecode.cpp.cpp; path = InputManager.cpp; sourceTree = "<group>"; };
		BA5FD39D18F4980800EDAC79 /* InputManager.h */ = {isa = PBXFileReference; fileEncoding = 4; lastKnownFileType = sourcecode.c.h; path = InputManager.h; sourceTree = "<group>"; };
		BAE3AC9618F0CE51007F758A /* GameMain.cpp */ = {isa = PBXFileReference; fileEncoding = 4; lastKnownFileType = sourcecode.cpp.cpp; path = GameMain.cpp; sourceTree = "<group>"; };
		BAE3AC9718F0CE51007F758A /* GameMain.h */ = {isa = PBXFileReference; fileEncoding = 4; lastKnownFileType = sourcecode.c.h; path = GameMain.h; sourceTree = "<group>"; };
		BAE3ACA218F0D2C6007F758A /* Constants.h */ = {isa = PBXFileReference; lastKnownFileType = sourcecode.c.h; path = Constants.h; sourceTree = "<group>"; };
		BF170DB012928DE900B8313A /* OpenGLES.framework */ = {isa = PBXFileReference; lastKnownFileType = wrapper.framework; name = OpenGLES.framework; path = System/Library/Frameworks/OpenGLES.framework; sourceTree = SDKROOT; };
		BF170DB412928DE900B8313A /* libz.dylib */ = {isa = PBXFileReference; lastKnownFileType = "compiled.mach-o.dylib"; name = libz.dylib; path = usr/lib/libz.dylib; sourceTree = SDKROOT; };
		BF1C47EA1293683800B63C5D /* QuartzCore.framework */ = {isa = PBXFileReference; lastKnownFileType = wrapper.framework; name = QuartzCore.framework; path = System/Library/Frameworks/QuartzCore.framework; sourceTree = SDKROOT; };
		D44C620B132DFF330009C878 /* OpenAL.framework */ = {isa = PBXFileReference; lastKnownFileType = wrapper.framework; name = OpenAL.framework; path = System/Library/Frameworks/OpenAL.framework; sourceTree = SDKROOT; };
		D44C620D132DFF430009C878 /* AVFoundation.framework */ = {isa = PBXFileReference; lastKnownFileType = wrapper.framework; name = AVFoundation.framework; path = System/Library/Frameworks/AVFoundation.framework; sourceTree = SDKROOT; };
		D44C620F132DFF4E0009C878 /* AudioToolbox.framework */ = {isa = PBXFileReference; lastKnownFileType = wrapper.framework; name = AudioToolbox.framework; path = System/Library/Frameworks/AudioToolbox.framework; sourceTree = SDKROOT; };
		D6B0611A1803AB670077942B /* CoreMotion.framework */ = {isa = PBXFileReference; lastKnownFileType = wrapper.framework; name = CoreMotion.framework; path = Platforms/iPhoneOS.platform/Developer/SDKs/iPhoneOS7.0.sdk/System/Library/Frameworks/CoreMotion.framework; sourceTree = DEVELOPER_DIR; };
/* End PBXFileReference section */

/* Begin PBXFrameworksBuildPhase section */
		1D60588F0D05DD3D006BFB54 /* Frameworks */ = {
			isa = PBXFrameworksBuildPhase;
			buildActionMask = 2147483647;
			files = (
				1AC6FB2E180E99EB004C840B /* libbox2d iOS.a in Frameworks */,
				1AC6FB2F180E99EB004C840B /* libchipmunk iOS.a in Frameworks */,
				1AC6FB30180E99EB004C840B /* libcocos2dx iOS.a in Frameworks */,
				1AC6FB31180E99EB004C840B /* libcocos2dx-extensions iOS.a in Frameworks */,
				1AC6FB32180E99EB004C840B /* libCocosDenshion iOS.a in Frameworks */,
				D6B0611B1803AB670077942B /* CoreMotion.framework in Frameworks */,
				1D60589F0D05DD5A006BFB54 /* Foundation.framework in Frameworks */,
				1DF5F4E00D08C38300B7A737 /* UIKit.framework in Frameworks */,
				288765A50DF7441C002DB57D /* CoreGraphics.framework in Frameworks */,
				BF171245129291EC00B8313A /* OpenGLES.framework in Frameworks */,
				BF1712471292920000B8313A /* libz.dylib in Frameworks */,
				BF1C47F01293687400B63C5D /* QuartzCore.framework in Frameworks */,
				D44C620C132DFF330009C878 /* OpenAL.framework in Frameworks */,
				D44C620E132DFF430009C878 /* AVFoundation.framework in Frameworks */,
				D44C6210132DFF4E0009C878 /* AudioToolbox.framework in Frameworks */,
			);
			runOnlyForDeploymentPostprocessing = 0;
		};
		5087E75C17EB910900C73F5D /* Frameworks */ = {
			isa = PBXFrameworksBuildPhase;
			buildActionMask = 2147483647;
			files = (
				1AC6FB1F180E996B004C840B /* libbox2d Mac.a in Frameworks */,
				1AC6FB20180E996B004C840B /* libchipmunk Mac.a in Frameworks */,
				1AC6FB21180E996B004C840B /* libcocos2dx Mac.a in Frameworks */,
				1AC6FB22180E996B004C840B /* libcocos2dx-extensions Mac.a in Frameworks */,
				1AC6FB23180E996B004C840B /* libCocosDenshion Mac.a in Frameworks */,
				503AE11217EB99EE00D1A890 /* libcurl.dylib in Frameworks */,
				5087E76717EB910900C73F5D /* libz.dylib in Frameworks */,
				503AE11B17EB9C5A00D1A890 /* IOKit.framework in Frameworks */,
				5087E78B17EB975400C73F5D /* OpenGL.framework in Frameworks */,
				5087E78917EB974C00C73F5D /* AppKit.framework in Frameworks */,
				5087E76317EB910900C73F5D /* Foundation.framework in Frameworks */,
				5087E76517EB910900C73F5D /* CoreGraphics.framework in Frameworks */,
				5087E76817EB910900C73F5D /* QuartzCore.framework in Frameworks */,
				5087E76917EB910900C73F5D /* OpenAL.framework in Frameworks */,
				5087E76A17EB910900C73F5D /* AVFoundation.framework in Frameworks */,
				5087E76B17EB910900C73F5D /* AudioToolbox.framework in Frameworks */,
			);
			runOnlyForDeploymentPostprocessing = 0;
		};
/* End PBXFrameworksBuildPhase section */

/* Begin PBXGroup section */
		047E748219AB659C002B9FF8 /* enemy */ = {
			isa = PBXGroup;
			children = (
			);
			name = enemy;
			path = Character;
			sourceTree = "<group>";
		};
		047E748319AB65A2002B9FF8 /* block */ = {
			isa = PBXGroup;
			children = (
			);
			name = block;
			path = Character;
			sourceTree = "<group>";
		};
		047E748419AB6CBF002B9FF8 /* speak */ = {
			isa = PBXGroup;
			children = (
				5BCDA672199C864B00A59255 /* MessageWindow.cpp */,
				5BCDA673199C864B00A59255 /* MessageWindow.h */,
				5B7F21E619A4EBA600148ACA /* WindowState.cpp */,
				5B7F21E719A4EBA600148ACA /* WindowState.h */,
			);
			name = speak;
			sourceTree = "<group>";
		};
		047E748619AB7519002B9FF8 /* stage1 */ = {
			isa = PBXGroup;
			children = (
				047E749119AB7B69002B9FF8 /* state */,
				047E748D19AB7621002B9FF8 /* PlayStage1.cpp */,
				047E748E19AB7621002B9FF8 /* PlayStage1.h */,
			);
			name = stage1;
			sourceTree = "<group>";
		};
		047E748C19AB75A7002B9FF8 /* stage */ = {
			isa = PBXGroup;
			children = (
				047E748819AB759F002B9FF8 /* PlayStage.cpp */,
				047E748919AB759F002B9FF8 /* PlayStage.h */,
				5BD665A819ACEF9700C731A4 /* StageStartEffect.cpp */,
				5BD665A919ACEF9700C731A4 /* StageStartEffect.h */,
				047E748619AB7519002B9FF8 /* stage1 */,
			);
			name = stage;
			sourceTree = "<group>";
		};
		047E749119AB7B69002B9FF8 /* state */ = {
			isa = PBXGroup;
			children = (
				047E749219AB7EC9002B9FF8 /* PlayStage1State.cpp */,
				047E749319AB7EC9002B9FF8 /* PlayStage1State.h */,
			);
			name = state;
			sourceTree = "<group>";
		};
		047E749619AB83BD002B9FF8 /* resourcemanager */ = {
			isa = PBXGroup;
			children = (
				047E749719AB83EF002B9FF8 /* TextureManager.cpp */,
				047E749819AB83EF002B9FF8 /* TextureManager.h */,
			);
			name = resourcemanager;
			sourceTree = "<group>";
		};
		047E749B19ABAA43002B9FF8 /* standingLunaImage */ = {
			isa = PBXGroup;
			children = (
				047E74A019ABAED3002B9FF8 /* state */,
				047E749C19ABAA9D002B9FF8 /* StandingLunaImage.cpp */,
				047E749D19ABAA9D002B9FF8 /* StandingLunaImage.h */,
			);
			name = standingLunaImage;
			sourceTree = "<group>";
		};
		047E74A019ABAED3002B9FF8 /* state */ = {
			isa = PBXGroup;
			children = (
				047E74A119ABAFC2002B9FF8 /* StandingLunaImageState.cpp */,
				047E74A219ABAFC2002B9FF8 /* StandingLunaImageState.h */,
			);
			name = state;
			sourceTree = "<group>";
		};
		080E96DDFE201D6D7F000001 /* ios */ = {
			isa = PBXGroup;
			children = (
				5087E77117EB970100C73F5D /* Icons */,
				503AE0FA17EB989F00D1A890 /* AppController.h */,
				503AE0FB17EB989F00D1A890 /* AppController.mm */,
				503AE0FC17EB989F00D1A890 /* main.m */,
				503AE0FD17EB989F00D1A890 /* Prefix.pch */,
				503AE0FE17EB989F00D1A890 /* RootViewController.h */,
				503AE0FF17EB989F00D1A890 /* RootViewController.mm */,
			);
			name = ios;
			path = Classes;
			sourceTree = "<group>";
		};
		15AA9C4015B7EC450033D6C2 /* Classes */ = {
			isa = PBXGroup;
			children = (
				047E749B19ABAA43002B9FF8 /* standingLunaImage */,
				047E749619AB83BD002B9FF8 /* resourcemanager */,
				047E748419AB6CBF002B9FF8 /* speak */,
				BAE3ACA218F0D2C6007F758A /* Constants.h */,
				BA5FD39A18F497F400EDAC79 /* Lib */,
				BAE3AC9E18F0D0FC007F758A /* Data */,
				BAE3AC8C18F0CC1E007F758A /* Model */,
				BAE3AC8D18F0CC1E007F758A /* Scene */,
				1AFAF8B316D35DE700DB1158 /* AppDelegate.cpp */,
				1AFAF8B416D35DE700DB1158 /* AppDelegate.h */,
				1AFAF8B516D35DE700DB1158 /* HelloWorldScene.cpp */,
				1AFAF8B616D35DE700DB1158 /* HelloWorldScene.h */,
			);
			name = Classes;
			path = ../classes;
			sourceTree = "<group>";
		};
		19C28FACFE9D520D11CA2CBB /* Products */ = {
			isa = PBXGroup;
			children = (
				1D6058910D05DD3D006BFB54 /* Stg14 iOS.app */,
				5087E76F17EB910900C73F5D /* Stg14 Mac.app */,
			);
			name = Products;
			sourceTree = "<group>";
		};
		1AC6FAE6180E9839004C840B /* Products */ = {
			isa = PBXGroup;
			children = (
				1AC6FAF9180E9839004C840B /* libcocos2dx Mac.a */,
				1AC6FAFB180E9839004C840B /* libcocos2dx-extensions Mac.a */,
				1AC6FAFD180E9839004C840B /* libchipmunk Mac.a */,
				1AC6FAFF180E9839004C840B /* libbox2d Mac.a */,
				1AC6FB01180E9839004C840B /* libCocosDenshion Mac.a */,
				1AC6FB03180E9839004C840B /* libjsbindings Mac.a */,
				1AC6FB05180E9839004C840B /* libluabindings Mac.a */,
				1AC6FB07180E9839004C840B /* libcocos2dx iOS.a */,
				1AC6FB09180E9839004C840B /* libcocos2dx-extensions iOS.a */,
				1AC6FB0B180E9839004C840B /* libchipmunk iOS.a */,
				1AC6FB0D180E9839004C840B /* libbox2d iOS.a */,
				1AC6FB0F180E9839004C840B /* libCocosDenshion iOS.a */,
				1AC6FB11180E9839004C840B /* libjsbindings iOS.a */,
				1AC6FB13180E9839004C840B /* libluabindings iOS.a */,
			);
			name = Products;
			sourceTree = "<group>";
		};
		29B97314FDCFA39411CA2CEA /* CustomTemplate */ = {
			isa = PBXGroup;
			children = (
				1AC6FAE5180E9839004C840B /* cocos2d_libs.xcodeproj */,
				15AA9C4015B7EC450033D6C2 /* Classes */,
				29B97323FDCFA39411CA2CEA /* Frameworks */,
				080E96DDFE201D6D7F000001 /* ios */,
				503AE10617EB990700D1A890 /* mac */,
				19C28FACFE9D520D11CA2CBB /* Products */,
				78C7DDAA14EBA5050085D0C2 /* Resources */,
			);
			name = CustomTemplate;
			sourceTree = "<group>";
		};
		29B97323FDCFA39411CA2CEA /* Frameworks */ = {
			isa = PBXGroup;
			children = (
				D6B0611A1803AB670077942B /* CoreMotion.framework */,
				503AE11A17EB9C5A00D1A890 /* IOKit.framework */,
				503AE11117EB99EE00D1A890 /* libcurl.dylib */,
				5087E78A17EB975400C73F5D /* OpenGL.framework */,
				5087E78817EB974C00C73F5D /* AppKit.framework */,
				1ACB3243164770DE00914215 /* libcurl.a */,
				BF170DB412928DE900B8313A /* libz.dylib */,
				D44C620F132DFF4E0009C878 /* AudioToolbox.framework */,
				D44C620D132DFF430009C878 /* AVFoundation.framework */,
				288765A40DF7441C002DB57D /* CoreGraphics.framework */,
				1D30AB110D05D00D00671497 /* Foundation.framework */,
				D44C620B132DFF330009C878 /* OpenAL.framework */,
				BF170DB012928DE900B8313A /* OpenGLES.framework */,
				BF1C47EA1293683800B63C5D /* QuartzCore.framework */,
				1DF5F4DF0D08C38300B7A737 /* UIKit.framework */,
			);
			name = Frameworks;
			sourceTree = "<group>";
		};
		503AE0F517EB97AB00D1A890 /* Icons */ = {
			isa = PBXGroup;
			children = (
				503AE0F617EB97AB00D1A890 /* Icon.icns */,
				503AE0F717EB97AB00D1A890 /* Info.plist */,
			);
			name = Icons;
			path = mac;
			sourceTree = SOURCE_ROOT;
		};
		503AE10617EB990700D1A890 /* mac */ = {
			isa = PBXGroup;
			children = (
				503AE0F517EB97AB00D1A890 /* Icons */,
				503AE10317EB98FF00D1A890 /* main.cpp */,
				503AE10417EB98FF00D1A890 /* Prefix.pch */,
			);
			name = mac;
			sourceTree = "<group>";
		};
		5087E77117EB970100C73F5D /* Icons */ = {
			isa = PBXGroup;
			children = (
				5087E77217EB970100C73F5D /* Default-568h@2x.png */,
				5087E77317EB970100C73F5D /* Default.png */,
				5087E77417EB970100C73F5D /* Default@2x.png */,
				50EF62A017ECD613001EB2F8 /* Icon-29.png */,
				50EF62A117ECD613001EB2F8 /* Icon-50.png */,
				50EF629217ECD46A001EB2F8 /* Icon-40.png */,
				50EF629317ECD46A001EB2F8 /* Icon-58.png */,
				50EF629417ECD46A001EB2F8 /* Icon-80.png */,
				50EF629517ECD46A001EB2F8 /* Icon-100.png */,
				5087E77517EB970100C73F5D /* Icon-114.png */,
				5087E77617EB970100C73F5D /* Icon-120.png */,
				5087E77717EB970100C73F5D /* Icon-144.png */,
				5087E77817EB970100C73F5D /* Icon-152.png */,
				5087E77917EB970100C73F5D /* Icon-57.png */,
				5087E77A17EB970100C73F5D /* Icon-72.png */,
				5087E77B17EB970100C73F5D /* Icon-76.png */,
				5087E77C17EB970100C73F5D /* Info.plist */,
			);
			name = Icons;
			path = ios;
			sourceTree = SOURCE_ROOT;
		};
		5B29B5AF197CEC6300B54E55 /* Sounds */ = {
			isa = PBXGroup;
			children = (
				5B29B5BA197D585F00B54E55 /* forceArrow.wav */,
				5B2D27DA1983368C00F7FBCA /* chargeShotVoice.wav */,
				5BD0856E198DBB8400A48E08 /* kirara.mp3 */,
				5B2D27DB1983368C00F7FBCA /* forceArrow_MAXCharge.wav */,
				5B2D27E01983381700F7FBCA /* LJump.wav */,
				5B23D100198A1F2900F87AD8 /* ready.mp3 */,
				5BD08562198B6A7B00A48E08 /* pause.wav */,
				5B0B7C951980BE8100D1719F /* jump.wav */,
				5BD08556198A6A6C00A48E08 /* middle_fa3.wav */,
				5B2D27E31983381F00F7FBCA /* LDash.wav */,
				5BD0858D198F659200A48E08 /* windowB.mp3 */,
				5BD0857A198DE2CC00A48E08 /* span.mp3 */,
				5BD08596198F949800A48E08 /* shootingBlaze.wav */,
				5BD0858A198F152800A48E08 /* message3.wav */,
				5B23D0FD1989F7D600F87AD8 /* ready3.wav */,
				5B0B7CA0198108B100D1719F /* land.wav */,
				5B2D27D41983241D00F7FBCA /* chargeComp.wav */,
				5B0B7CA619810B2D00D1719F /* fa2.wav */,
				5B2D27D71983245D00F7FBCA /* charge2.wav */,
				5B0B7CA319810B1F00D1719F /* dash3.wav */,
				5B29B5B0197CEC6300B54E55 /* openingStage.mp3 */,
			);
			path = Sounds;
			sourceTree = "<group>";
		};
		5B3625FF19AA101D00A6B3E0 /* Luna */ = {
			isa = PBXGroup;
			children = (
				5B36260019AA103500A6B3E0 /* Luna.cpp */,
				5B36260119AA103500A6B3E0 /* Luna.h */,
				5B36260419AAC01C00A6B3E0 /* State */,
				5B36260519AAC01C00A6B3E0 /* LunaState.cpp */,
				5B36260619AAC01C00A6B3E0 /* LunaState.h */,
			);
			name = Luna;
			path = Character/Luna;
			sourceTree = "<group>";
		};
		5B36260419AAC01C00A6B3E0 /* State */ = {
			isa = PBXGroup;
			children = (
			);
			path = State;
			sourceTree = "<group>";
		};
		78C7DDAA14EBA5050085D0C2 /* Resources */ = {
			isa = PBXGroup;
			children = (
				5B29B5AF197CEC6300B54E55 /* Sounds */,
				BA5488F3192AB8480023B390 /* Images */,
				1AFAF8B916D35E4900DB1158 /* CloseNormal.png */,
				5B3625FC19AA032B00A6B3E0 /* Aqua_pfont.ttf */,
				1AFAF8BA16D35E4900DB1158 /* CloseSelected.png */,
				1AFAF8BB16D35E4900DB1158 /* HelloWorld.png */,
			);
			name = Resources;
			path = ../Resources;
			sourceTree = "<group>";
		};
		BA5488AA192567450023B390 /* ImageUtil */ = {
			isa = PBXGroup;
			children = (
				BA5488AB192567590023B390 /* ImageUtil.cpp */,
				BA5488AC192567590023B390 /* ImageUtil.h */,
			);
			path = ImageUtil;
			sourceTree = "<group>";
		};
		BA5488F3192AB8480023B390 /* Images */ = {
			isa = PBXGroup;
			children = (
				5B745E94197BFD4100118FFB /* asiba.png */,
				5B23D0EE1989E7C000F87AD8 /* ready.png */,
				5BD08568198BDA5E00A48E08 /* smoke.png */,
				5BD0855C198A866E00A48E08 /* block.jpg */,
				5BD08577198DE24E00A48E08 /* MessageName.png */,
				5BD08581198F084500A48E08 /* MessageBack2.png */,
				5B904CC51994928300AC6B47 /* lunaBody.png */,
				5BD0855F198B6A2400A48E08 /* menu.png */,
				5BD08599198F94AA00A48E08 /* shootingBlaze.png */,
				5B904CB21990D95600AC6B47 /* UI.png */,
				5B904CAF1990D94200AC6B47 /* ground.png */,
				5BD0857D198E2AB800A48E08 /* lunaFace.png */,
				5BD08559198A826C00A48E08 /* bullet.png */,
				5B745E97197BFD4100118FFB /* Luna.png */,
				5BD08571198DC7B800A48E08 /* MessageBack.png */,
				5B2D27E61983665D00F7FBCA /* ChrChip2.png */,
				5B745E98197BFD4100118FFB /* openingBg.jpeg */,
				5B745E99197BFD4100118FFB /* pause.png */,
				5B745E9A197BFD4100118FFB /* push.png */,
				5B745E9B197BFD4100118FFB /* title.jpg */,
			);
			path = Images;
			sourceTree = "<group>";
		};
		BA5FD39A18F497F400EDAC79 /* Lib */ = {
			isa = PBXGroup;
			children = (
				BA5FD39B18F497F400EDAC79 /* InputManager */,
			);
			name = Lib;
			path = ../Classes/Lib;
			sourceTree = "<group>";
		};
		BA5FD39B18F497F400EDAC79 /* InputManager */ = {
			isa = PBXGroup;
			children = (
				BA5FD39C18F4980800EDAC79 /* InputManager.cpp */,
				BA5FD39D18F4980800EDAC79 /* InputManager.h */,
			);
			path = InputManager;
			sourceTree = "<group>";
		};
		BAE3AC8C18F0CC1E007F758A /* Model */ = {
			isa = PBXGroup;
			children = (
				047E748319AB65A2002B9FF8 /* block */,
				047E748219AB659C002B9FF8 /* enemy */,
				5B3625FF19AA101D00A6B3E0 /* Luna */,
			);
			name = Model;
			path = ../Classes/Model;
			sourceTree = "<group>";
		};
		BAE3AC8D18F0CC1E007F758A /* Scene */ = {
			isa = PBXGroup;
			children = (
				BAE3AC9418F0CCDC007F758A /* GameMain */,
			);
			name = Scene;
			path = ../Classes/Scene;
			sourceTree = "<group>";
		};
		BAE3AC9418F0CCDC007F758A /* GameMain */ = {
			isa = PBXGroup;
			children = (
				BAE3AC9618F0CE51007F758A /* GameMain.cpp */,
				BAE3AC9718F0CE51007F758A /* GameMain.h */,
				047E748C19AB75A7002B9FF8 /* stage */,
			);
			path = GameMain;
			sourceTree = "<group>";
		};
		BAE3AC9E18F0D0FC007F758A /* Data */ = {
			isa = PBXGroup;
			children = (
				BA5488AA192567450023B390 /* ImageUtil */,
			);
			name = Data;
			path = ../Classes/Data;
			sourceTree = "<group>";
		};
/* End PBXGroup section */

/* Begin PBXNativeTarget section */
		1D6058900D05DD3D006BFB54 /* Stg14 iOS */ = {
			isa = PBXNativeTarget;
			buildConfigurationList = 1D6058960D05DD3E006BFB54 /* Build configuration list for PBXNativeTarget "Stg14 iOS" */;
			buildPhases = (
				1D60588D0D05DD3D006BFB54 /* Resources */,
				1D60588E0D05DD3D006BFB54 /* Sources */,
				1D60588F0D05DD3D006BFB54 /* Frameworks */,
			);
			buildRules = (
			);
			dependencies = (
				1AC6FB25180E99E1004C840B /* PBXTargetDependency */,
				1AC6FB27180E99E1004C840B /* PBXTargetDependency */,
				1AC6FB29180E99E1004C840B /* PBXTargetDependency */,
				1AC6FB2B180E99E1004C840B /* PBXTargetDependency */,
				1AC6FB2D180E99E1004C840B /* PBXTargetDependency */,
			);
			name = "Stg14 iOS";
			productName = iphone;
			productReference = 1D6058910D05DD3D006BFB54 /* Stg14 iOS.app */;
			productType = "com.apple.product-type.application";
		};
		5087E73D17EB910900C73F5D /* Stg14 Mac */ = {
			isa = PBXNativeTarget;
			buildConfigurationList = 5087E76C17EB910900C73F5D /* Build configuration list for PBXNativeTarget "Stg14 Mac" */;
			buildPhases = (
				5087E74817EB910900C73F5D /* Resources */,
				5087E75617EB910900C73F5D /* Sources */,
				5087E75C17EB910900C73F5D /* Frameworks */,
			);
			buildRules = (
			);
			dependencies = (
				1AC6FB1E180E9963004C840B /* PBXTargetDependency */,
				1AC6FB16180E9959004C840B /* PBXTargetDependency */,
				1AC6FB18180E9959004C840B /* PBXTargetDependency */,
				1AC6FB1A180E9959004C840B /* PBXTargetDependency */,
				1AC6FB1C180E9959004C840B /* PBXTargetDependency */,
			);
			name = "Stg14 Mac";
			productName = iphone;
			productReference = 5087E76F17EB910900C73F5D /* Stg14 Mac.app */;
			productType = "com.apple.product-type.application";
		};
/* End PBXNativeTarget section */

/* Begin PBXProject section */
		29B97313FDCFA39411CA2CEA /* Project object */ = {
			isa = PBXProject;
			attributes = {
				LastUpgradeCheck = 0500;
				TargetAttributes = {
					1D6058900D05DD3D006BFB54 = {
						DevelopmentTeam = MDDB52YB8L;
					};
				};
			};
			buildConfigurationList = C01FCF4E08A954540054247B /* Build configuration list for PBXProject "Stg14" */;
			compatibilityVersion = "Xcode 3.2";
			developmentRegion = English;
			hasScannedForEncodings = 1;
			knownRegions = (
				English,
				Japanese,
				French,
				German,
			);
			mainGroup = 29B97314FDCFA39411CA2CEA /* CustomTemplate */;
			projectDirPath = "";
			projectReferences = (
				{
					ProductGroup = 1AC6FAE6180E9839004C840B /* Products */;
					ProjectRef = 1AC6FAE5180E9839004C840B /* cocos2d_libs.xcodeproj */;
				},
			);
			projectRoot = "";
			targets = (
				1D6058900D05DD3D006BFB54 /* Stg14 iOS */,
				5087E73D17EB910900C73F5D /* Stg14 Mac */,
			);
		};
/* End PBXProject section */

/* Begin PBXReferenceProxy section */
		1AC6FAF9180E9839004C840B /* libcocos2dx Mac.a */ = {
			isa = PBXReferenceProxy;
			fileType = archive.ar;
			path = "libcocos2dx Mac.a";
			remoteRef = 1AC6FAF8180E9839004C840B /* PBXContainerItemProxy */;
			sourceTree = BUILT_PRODUCTS_DIR;
		};
		1AC6FAFB180E9839004C840B /* libcocos2dx-extensions Mac.a */ = {
			isa = PBXReferenceProxy;
			fileType = archive.ar;
			path = "libcocos2dx-extensions Mac.a";
			remoteRef = 1AC6FAFA180E9839004C840B /* PBXContainerItemProxy */;
			sourceTree = BUILT_PRODUCTS_DIR;
		};
		1AC6FAFD180E9839004C840B /* libchipmunk Mac.a */ = {
			isa = PBXReferenceProxy;
			fileType = archive.ar;
			path = "libchipmunk Mac.a";
			remoteRef = 1AC6FAFC180E9839004C840B /* PBXContainerItemProxy */;
			sourceTree = BUILT_PRODUCTS_DIR;
		};
		1AC6FAFF180E9839004C840B /* libbox2d Mac.a */ = {
			isa = PBXReferenceProxy;
			fileType = archive.ar;
			path = "libbox2d Mac.a";
			remoteRef = 1AC6FAFE180E9839004C840B /* PBXContainerItemProxy */;
			sourceTree = BUILT_PRODUCTS_DIR;
		};
		1AC6FB01180E9839004C840B /* libCocosDenshion Mac.a */ = {
			isa = PBXReferenceProxy;
			fileType = archive.ar;
			path = "libCocosDenshion Mac.a";
			remoteRef = 1AC6FB00180E9839004C840B /* PBXContainerItemProxy */;
			sourceTree = BUILT_PRODUCTS_DIR;
		};
		1AC6FB03180E9839004C840B /* libjsbindings Mac.a */ = {
			isa = PBXReferenceProxy;
			fileType = archive.ar;
			path = "libjsbindings Mac.a";
			remoteRef = 1AC6FB02180E9839004C840B /* PBXContainerItemProxy */;
			sourceTree = BUILT_PRODUCTS_DIR;
		};
		1AC6FB05180E9839004C840B /* libluabindings Mac.a */ = {
			isa = PBXReferenceProxy;
			fileType = archive.ar;
			path = "libluabindings Mac.a";
			remoteRef = 1AC6FB04180E9839004C840B /* PBXContainerItemProxy */;
			sourceTree = BUILT_PRODUCTS_DIR;
		};
		1AC6FB07180E9839004C840B /* libcocos2dx iOS.a */ = {
			isa = PBXReferenceProxy;
			fileType = archive.ar;
			path = "libcocos2dx iOS.a";
			remoteRef = 1AC6FB06180E9839004C840B /* PBXContainerItemProxy */;
			sourceTree = BUILT_PRODUCTS_DIR;
		};
		1AC6FB09180E9839004C840B /* libcocos2dx-extensions iOS.a */ = {
			isa = PBXReferenceProxy;
			fileType = archive.ar;
			path = "libcocos2dx-extensions iOS.a";
			remoteRef = 1AC6FB08180E9839004C840B /* PBXContainerItemProxy */;
			sourceTree = BUILT_PRODUCTS_DIR;
		};
		1AC6FB0B180E9839004C840B /* libchipmunk iOS.a */ = {
			isa = PBXReferenceProxy;
			fileType = archive.ar;
			path = "libchipmunk iOS.a";
			remoteRef = 1AC6FB0A180E9839004C840B /* PBXContainerItemProxy */;
			sourceTree = BUILT_PRODUCTS_DIR;
		};
		1AC6FB0D180E9839004C840B /* libbox2d iOS.a */ = {
			isa = PBXReferenceProxy;
			fileType = archive.ar;
			path = "libbox2d iOS.a";
			remoteRef = 1AC6FB0C180E9839004C840B /* PBXContainerItemProxy */;
			sourceTree = BUILT_PRODUCTS_DIR;
		};
		1AC6FB0F180E9839004C840B /* libCocosDenshion iOS.a */ = {
			isa = PBXReferenceProxy;
			fileType = archive.ar;
			path = "libCocosDenshion iOS.a";
			remoteRef = 1AC6FB0E180E9839004C840B /* PBXContainerItemProxy */;
			sourceTree = BUILT_PRODUCTS_DIR;
		};
		1AC6FB11180E9839004C840B /* libjsbindings iOS.a */ = {
			isa = PBXReferenceProxy;
			fileType = archive.ar;
			path = "libjsbindings iOS.a";
			remoteRef = 1AC6FB10180E9839004C840B /* PBXContainerItemProxy */;
			sourceTree = BUILT_PRODUCTS_DIR;
		};
		1AC6FB13180E9839004C840B /* libluabindings iOS.a */ = {
			isa = PBXReferenceProxy;
			fileType = archive.ar;
			path = "libluabindings iOS.a";
			remoteRef = 1AC6FB12180E9839004C840B /* PBXContainerItemProxy */;
			sourceTree = BUILT_PRODUCTS_DIR;
		};
/* End PBXReferenceProxy section */

/* Begin PBXResourcesBuildPhase section */
		1D60588D0D05DD3D006BFB54 /* Resources */ = {
			isa = PBXResourcesBuildPhase;
			buildActionMask = 2147483647;
			files = (
				5BD08578198DE24E00A48E08 /* MessageName.png in Resources */,
				5B0B7C981980BE8100D1719F /* jump.wav in Resources */,
				5087E78117EB970100C73F5D /* Icon-120.png in Resources */,
				5BD08572198DC7B800A48E08 /* MessageBack.png in Resources */,
				5BD08560198B6A2400A48E08 /* menu.png in Resources */,
				5B2D27DC1983368C00F7FBCA /* chargeShotVoice.wav in Resources */,
				5B2D27D81983245D00F7FBCA /* charge2.wav in Resources */,
				5B745EA6197BFD4100118FFB /* pause.png in Resources */,
				5087E78617EB970100C73F5D /* Icon-76.png in Resources */,
				5B745EA4197BFD4100118FFB /* openingBg.jpeg in Resources */,
				5087E77F17EB970100C73F5D /* Default@2x.png in Resources */,
				5BD0858E198F659200A48E08 /* windowB.mp3 in Resources */,
				5B2D27E71983665D00F7FBCA /* ChrChip2.png in Resources */,
				5BD08582198F084500A48E08 /* MessageBack2.png in Resources */,
				50EF629917ECD46A001EB2F8 /* Icon-100.png in Resources */,
				5B29B5B1197CEC6300B54E55 /* openingStage.mp3 in Resources */,
				5B23D0EF1989E7C000F87AD8 /* ready.png in Resources */,
				5B904CC61994928300AC6B47 /* lunaBody.png in Resources */,
				5B904CB01990D94200AC6B47 /* ground.png in Resources */,
				5B0B7CA719810B2D00D1719F /* fa2.wav in Resources */,
				5B745EAA197BFD4100118FFB /* title.jpg in Resources */,
				1AFAF8BC16D35E4900DB1158 /* CloseNormal.png in Resources */,
				5B745EA8197BFD4100118FFB /* push.png in Resources */,
				5B23D0FE1989F7D600F87AD8 /* ready3.wav in Resources */,
				5087E78317EB970100C73F5D /* Icon-152.png in Resources */,
				5B23D101198A1F2900F87AD8 /* ready.mp3 in Resources */,
				5087E77D17EB970100C73F5D /* Default-568h@2x.png in Resources */,
				5087E78517EB970100C73F5D /* Icon-72.png in Resources */,
				1AFAF8BD16D35E4900DB1158 /* CloseSelected.png in Resources */,
				5B29B5BB197D585F00B54E55 /* forceArrow.wav in Resources */,
				50EF62A317ECD613001EB2F8 /* Icon-50.png in Resources */,
				5BD0857E198E2AB800A48E08 /* lunaFace.png in Resources */,
				5087E78017EB970100C73F5D /* Icon-114.png in Resources */,
				5BD0858B198F152800A48E08 /* message3.wav in Resources */,
				1AFAF8BE16D35E4900DB1158 /* HelloWorld.png in Resources */,
				5B745E9C197BFD4100118FFB /* asiba.png in Resources */,
				5BD08557198A6A6C00A48E08 /* middle_fa3.wav in Resources */,
				5BD0856F198DBB8400A48E08 /* kirara.mp3 in Resources */,
				5BD0855D198A866E00A48E08 /* block.jpg in Resources */,
				50EF62A217ECD613001EB2F8 /* Icon-29.png in Resources */,
				5BD0857B198DE2CC00A48E08 /* span.mp3 in Resources */,
				5B745EA2197BFD4100118FFB /* Luna.png in Resources */,
				50EF629617ECD46A001EB2F8 /* Icon-40.png in Resources */,
				5B2D27E11983381700F7FBCA /* LJump.wav in Resources */,
				5087E78217EB970100C73F5D /* Icon-144.png in Resources */,
				50EF629817ECD46A001EB2F8 /* Icon-80.png in Resources */,
				5B2D27DE1983368C00F7FBCA /* forceArrow_MAXCharge.wav in Resources */,
				5BD0855A198A826C00A48E08 /* bullet.png in Resources */,
				5B3625FD19AA032B00A6B3E0 /* Aqua_pfont.ttf in Resources */,
				5B2D27E41983381F00F7FBCA /* LDash.wav in Resources */,
				5087E78417EB970100C73F5D /* Icon-57.png in Resources */,
				5B2D27D51983241D00F7FBCA /* chargeComp.wav in Resources */,
				5087E77E17EB970100C73F5D /* Default.png in Resources */,
				5BD08597198F949800A48E08 /* shootingBlaze.wav in Resources */,
				5BD08569198BDA5E00A48E08 /* smoke.png in Resources */,
				5B0B7CA419810B1F00D1719F /* dash3.wav in Resources */,
				5B904CB31990D95600AC6B47 /* UI.png in Resources */,
				5BD08563198B6A7B00A48E08 /* pause.wav in Resources */,
				5BD0859A198F94AA00A48E08 /* shootingBlaze.png in Resources */,
				5B0B7CA1198108B100D1719F /* land.wav in Resources */,
				50EF629717ECD46A001EB2F8 /* Icon-58.png in Resources */,
			);
			runOnlyForDeploymentPostprocessing = 0;
		};
		5087E74817EB910900C73F5D /* Resources */ = {
			isa = PBXResourcesBuildPhase;
			buildActionMask = 2147483647;
			files = (
				5BD08570198DBB8400A48E08 /* kirara.mp3 in Resources */,
				5BD08583198F084500A48E08 /* MessageBack2.png in Resources */,
				5B904CC71994928300AC6B47 /* lunaBody.png in Resources */,
				5BD08558198A6A6C00A48E08 /* middle_fa3.wav in Resources */,
				5B29B5BC197D585F00B54E55 /* forceArrow.wav in Resources */,
				5B904CB11990D94200AC6B47 /* ground.png in Resources */,
				5B23D0F01989E7C000F87AD8 /* ready.png in Resources */,
				5BD08564198B6A7B00A48E08 /* pause.wav in Resources */,
				5087E75317EB910900C73F5D /* CloseNormal.png in Resources */,
				5BD0857F198E2AB800A48E08 /* lunaFace.png in Resources */,
				5B2D27E51983381F00F7FBCA /* LDash.wav in Resources */,
				5B2D27D61983241D00F7FBCA /* chargeComp.wav in Resources */,
				5BD0855B198A826C00A48E08 /* bullet.png in Resources */,
				5B745EAB197BFD4100118FFB /* title.jpg in Resources */,
				5B0B7C991980BE8100D1719F /* jump.wav in Resources */,
				5B0B7CA519810B1F00D1719F /* dash3.wav in Resources */,
				5BD0858C198F152800A48E08 /* message3.wav in Resources */,
				5BD0859B198F94AA00A48E08 /* shootingBlaze.png in Resources */,
				5B745EA7197BFD4100118FFB /* pause.png in Resources */,
				5B2D27D91983245D00F7FBCA /* charge2.wav in Resources */,
				5B745EA9197BFD4100118FFB /* push.png in Resources */,
				5B745EA3197BFD4100118FFB /* Luna.png in Resources */,
				5B2D27E81983665D00F7FBCA /* ChrChip2.png in Resources */,
				5B2D27E21983381700F7FBCA /* LJump.wav in Resources */,
				5B29B5B2197CEC6300B54E55 /* openingStage.mp3 in Resources */,
				5B904CB41990D95600AC6B47 /* UI.png in Resources */,
				503AE0F817EB97AB00D1A890 /* Icon.icns in Resources */,
				5B745E9D197BFD4100118FFB /* asiba.png in Resources */,
				5B745EA5197BFD4100118FFB /* openingBg.jpeg in Resources */,
				5BD0856A198BDA5E00A48E08 /* smoke.png in Resources */,
				5B2D27DD1983368C00F7FBCA /* chargeShotVoice.wav in Resources */,
				5B0B7CA2198108B100D1719F /* land.wav in Resources */,
				5B23D0FF1989F7D600F87AD8 /* ready3.wav in Resources */,
				5BD08598198F949800A48E08 /* shootingBlaze.wav in Resources */,
				5BD08561198B6A2400A48E08 /* menu.png in Resources */,
				5BD0858F198F659200A48E08 /* windowB.mp3 in Resources */,
				5B0B7CA819810B2D00D1719F /* fa2.wav in Resources */,
				5BD08579198DE24E00A48E08 /* MessageName.png in Resources */,
				5B2D27DF1983368C00F7FBCA /* forceArrow_MAXCharge.wav in Resources */,
				5B23D102198A1F2900F87AD8 /* ready.mp3 in Resources */,
				5087E75417EB910900C73F5D /* CloseSelected.png in Resources */,
				5BD08573198DC7B800A48E08 /* MessageBack.png in Resources */,
				5B3625FE19AA032B00A6B3E0 /* Aqua_pfont.ttf in Resources */,
				5087E75517EB910900C73F5D /* HelloWorld.png in Resources */,
				5BD0857C198DE2CC00A48E08 /* span.mp3 in Resources */,
				5BD0855E198A866E00A48E08 /* block.jpg in Resources */,
			);
			runOnlyForDeploymentPostprocessing = 0;
		};
/* End PBXResourcesBuildPhase section */

/* Begin PBXSourcesBuildPhase section */
		1D60588E0D05DD3D006BFB54 /* Sources */ = {
			isa = PBXSourcesBuildPhase;
			buildActionMask = 2147483647;
			files = (
				503AE10017EB989F00D1A890 /* AppController.mm in Sources */,
				503AE10217EB989F00D1A890 /* RootViewController.mm in Sources */,
				047E749419AB7EC9002B9FF8 /* PlayStage1State.cpp in Sources */,
				5B7F21E819A4EBA600148ACA /* WindowState.cpp in Sources */,
				BA5488AD192567590023B390 /* ImageUtil.cpp in Sources */,
				047E748F19AB7621002B9FF8 /* PlayStage1.cpp in Sources */,
				5B36260219AA103500A6B3E0 /* Luna.cpp in Sources */,
				5BD665AA19ACEF9700C731A4 /* StageStartEffect.cpp in Sources */,
				5BCDA674199C864B00A59255 /* MessageWindow.cpp in Sources */,
				1AFAF8B716D35DE700DB1158 /* AppDelegate.cpp in Sources */,
				047E749E19ABAA9D002B9FF8 /* StandingLunaImage.cpp in Sources */,
				503AE10117EB989F00D1A890 /* main.m in Sources */,
				047E748A19AB759F002B9FF8 /* PlayStage.cpp in Sources */,
				BA5FD39E18F4980800EDAC79 /* InputManager.cpp in Sources */,
				047E74A319ABAFC2002B9FF8 /* StandingLunaImageState.cpp in Sources */,
				BAE3AC9818F0CE51007F758A /* GameMain.cpp in Sources */,
				5B36260719AAC01C00A6B3E0 /* LunaState.cpp in Sources */,
				1AFAF8B816D35DE700DB1158 /* HelloWorldScene.cpp in Sources */,
				047E749919AB83EF002B9FF8 /* TextureManager.cpp in Sources */,
			);
			runOnlyForDeploymentPostprocessing = 0;
		};
		5087E75617EB910900C73F5D /* Sources */ = {
			isa = PBXSourcesBuildPhase;
			buildActionMask = 2147483647;
			files = (
				047E749519AB7EC9002B9FF8 /* PlayStage1State.cpp in Sources */,
				BA5488AE19256AAC0023B390 /* ImageUtil.cpp in Sources */,
				BAE3AC9918F0CE51007F758A /* GameMain.cpp in Sources */,
				047E749019AB7621002B9FF8 /* PlayStage1.cpp in Sources */,
				5087E75717EB910900C73F5D /* AppDelegate.cpp in Sources */,
				5087E75817EB910900C73F5D /* HelloWorldScene.cpp in Sources */,
				BA5FD39F18F4980800EDAC79 /* InputManager.cpp in Sources */,
				047E74A419ABAFC2002B9FF8 /* StandingLunaImageState.cpp in Sources */,
				047E749F19ABAA9D002B9FF8 /* StandingLunaImage.cpp in Sources */,
				5BCDA675199C864B00A59255 /* MessageWindow.cpp in Sources */,
				5B36260319AA103500A6B3E0 /* Luna.cpp in Sources */,
				5B7F21E919A4EBA600148ACA /* WindowState.cpp in Sources */,
				503AE10517EB98FF00D1A890 /* main.cpp in Sources */,
				5BD665AB19ACEF9700C731A4 /* StageStartEffect.cpp in Sources */,
				5B36260819AAC01C00A6B3E0 /* LunaState.cpp in Sources */,
				047E748B19AB759F002B9FF8 /* PlayStage.cpp in Sources */,
				047E749A19AB83EF002B9FF8 /* TextureManager.cpp in Sources */,
			);
			runOnlyForDeploymentPostprocessing = 0;
		};
/* End PBXSourcesBuildPhase section */

/* Begin PBXTargetDependency section */
		1AC6FB16180E9959004C840B /* PBXTargetDependency */ = {
			isa = PBXTargetDependency;
			name = "cocos2dx Mac";
			targetProxy = 1AC6FB15180E9959004C840B /* PBXContainerItemProxy */;
		};
		1AC6FB18180E9959004C840B /* PBXTargetDependency */ = {
			isa = PBXTargetDependency;
			name = "cocos2dx-extensions Mac";
			targetProxy = 1AC6FB17180E9959004C840B /* PBXContainerItemProxy */;
		};
		1AC6FB1A180E9959004C840B /* PBXTargetDependency */ = {
			isa = PBXTargetDependency;
			name = "chipmunk Mac";
			targetProxy = 1AC6FB19180E9959004C840B /* PBXContainerItemProxy */;
		};
		1AC6FB1C180E9959004C840B /* PBXTargetDependency */ = {
			isa = PBXTargetDependency;
			name = "CocosDenshion Mac";
			targetProxy = 1AC6FB1B180E9959004C840B /* PBXContainerItemProxy */;
		};
		1AC6FB1E180E9963004C840B /* PBXTargetDependency */ = {
			isa = PBXTargetDependency;
			name = "box2d Mac";
			targetProxy = 1AC6FB1D180E9963004C840B /* PBXContainerItemProxy */;
		};
		1AC6FB25180E99E1004C840B /* PBXTargetDependency */ = {
			isa = PBXTargetDependency;
			name = "cocos2dx iOS";
			targetProxy = 1AC6FB24180E99E1004C840B /* PBXContainerItemProxy */;
		};
		1AC6FB27180E99E1004C840B /* PBXTargetDependency */ = {
			isa = PBXTargetDependency;
			name = "cocos2dx-extensions iOS";
			targetProxy = 1AC6FB26180E99E1004C840B /* PBXContainerItemProxy */;
		};
		1AC6FB29180E99E1004C840B /* PBXTargetDependency */ = {
			isa = PBXTargetDependency;
			name = "chipmunk iOS";
			targetProxy = 1AC6FB28180E99E1004C840B /* PBXContainerItemProxy */;
		};
		1AC6FB2B180E99E1004C840B /* PBXTargetDependency */ = {
			isa = PBXTargetDependency;
			name = "box2d iOS";
			targetProxy = 1AC6FB2A180E99E1004C840B /* PBXContainerItemProxy */;
		};
		1AC6FB2D180E99E1004C840B /* PBXTargetDependency */ = {
			isa = PBXTargetDependency;
			name = "CocosDenshion iOS";
			targetProxy = 1AC6FB2C180E99E1004C840B /* PBXContainerItemProxy */;
		};
/* End PBXTargetDependency section */

/* Begin XCBuildConfiguration section */
		1D6058940D05DD3E006BFB54 /* Debug */ = {
			isa = XCBuildConfiguration;
			buildSettings = {
				ALWAYS_SEARCH_USER_PATHS = YES;
				CODE_SIGN_IDENTITY = "iPhone Developer";
				COMPRESS_PNG_FILES = NO;
				GCC_DYNAMIC_NO_PIC = NO;
				GCC_INLINES_ARE_PRIVATE_EXTERN = NO;
				GCC_PRECOMPILE_PREFIX_HEADER = YES;
				GCC_PREFIX_HEADER = ios/Prefix.pch;
				GCC_PREPROCESSOR_DEFINITIONS = (
					USE_FILE32API,
					CC_TARGET_OS_IPHONE,
					"COCOS2D_DEBUG=1",
					"CC_ENABLE_CHIPMUNK_INTEGRATION=1",
				);
				GCC_SYMBOLS_PRIVATE_EXTERN = NO;
				HEADER_SEARCH_PATHS = (
					"$(inherited)",
					"$(SRCROOT)/../cocos2d/cocos/2d/platform/ios",
					"$(SRCROOT)/../cocos2d/cocos/2d/platform/ios/Simulation",
				);
				INFOPLIST_FILE = ios/Info.plist;
				IPHONEOS_DEPLOYMENT_TARGET = 5.0;
				LIBRARY_SEARCH_PATHS = "";
				SDKROOT = iphoneos;
				TARGETED_DEVICE_FAMILY = "1,2";
				USER_HEADER_SEARCH_PATHS = "";
			};
			name = Debug;
		};
		1D6058950D05DD3E006BFB54 /* Release */ = {
			isa = XCBuildConfiguration;
			buildSettings = {
				ALWAYS_SEARCH_USER_PATHS = YES;
				CODE_SIGN_IDENTITY = "iPhone Developer";
				COMPRESS_PNG_FILES = NO;
				GCC_INLINES_ARE_PRIVATE_EXTERN = NO;
				GCC_PRECOMPILE_PREFIX_HEADER = YES;
				GCC_PREFIX_HEADER = ios/Prefix.pch;
				GCC_PREPROCESSOR_DEFINITIONS = (
					USE_FILE32API,
					CC_TARGET_OS_IPHONE,
					"CC_ENABLE_CHIPMUNK_INTEGRATION=1",
				);
				GCC_SYMBOLS_PRIVATE_EXTERN = NO;
				HEADER_SEARCH_PATHS = (
					"$(inherited)",
					"$(SRCROOT)/../cocos2d/cocos/2d/platform/ios",
					"$(SRCROOT)/../cocos2d/cocos/2d/platform/ios/Simulation",
				);
				INFOPLIST_FILE = ios/Info.plist;
				IPHONEOS_DEPLOYMENT_TARGET = 5.0;
				LIBRARY_SEARCH_PATHS = "";
				SDKROOT = iphoneos;
				TARGETED_DEVICE_FAMILY = "1,2";
				USER_HEADER_SEARCH_PATHS = "";
			};
			name = Release;
		};
		5087E76D17EB910900C73F5D /* Debug */ = {
			isa = XCBuildConfiguration;
			buildSettings = {
				ALWAYS_SEARCH_USER_PATHS = YES;
				ARCHS = "$(ARCHS_STANDARD_64_BIT)";
				CLANG_CXX_LANGUAGE_STANDARD = "c++0x";
				CLANG_CXX_LIBRARY = "libc++";
				GCC_DYNAMIC_NO_PIC = NO;
				GCC_INLINES_ARE_PRIVATE_EXTERN = NO;
				GCC_PRECOMPILE_PREFIX_HEADER = YES;
				GCC_PREFIX_HEADER = mac/Prefix.pch;
				GCC_PREPROCESSOR_DEFINITIONS = (
					USE_FILE32API,
					CC_TARGET_OS_MAC,
					"COCOS2D_DEBUG=1",
					"CC_ENABLE_CHIPMUNK_INTEGRATION=1",
				);
				GCC_SYMBOLS_PRIVATE_EXTERN = NO;
				HEADER_SEARCH_PATHS = (
					"$(inherited)",
					"$(SRCROOT)/../cocos2d/cocos/2d/platform/mac",
					"$(SRCROOT)/../cocos2d/external/glfw3/include/mac",
				);
				INFOPLIST_FILE = mac/Info.plist;
				LIBRARY_SEARCH_PATHS = "";
				USER_HEADER_SEARCH_PATHS = "";
			};
			name = Debug;
		};
		5087E76E17EB910900C73F5D /* Release */ = {
			isa = XCBuildConfiguration;
			buildSettings = {
				ALWAYS_SEARCH_USER_PATHS = YES;
				ARCHS = "$(ARCHS_STANDARD_64_BIT)";
				CLANG_CXX_LANGUAGE_STANDARD = "c++0x";
				CLANG_CXX_LIBRARY = "libc++";
				GCC_INLINES_ARE_PRIVATE_EXTERN = NO;
				GCC_PRECOMPILE_PREFIX_HEADER = YES;
				GCC_PREFIX_HEADER = mac/Prefix.pch;
				GCC_PREPROCESSOR_DEFINITIONS = (
					USE_FILE32API,
					CC_TARGET_OS_MAC,
					"CC_ENABLE_CHIPMUNK_INTEGRATION=1",
				);
				GCC_SYMBOLS_PRIVATE_EXTERN = NO;
				HEADER_SEARCH_PATHS = (
					"$(inherited)",
					"$(SRCROOT)/../cocos2d/cocos/2d/platform/mac",
					"$(SRCROOT)/../cocos2d/external/glfw3/include/mac",
				);
				INFOPLIST_FILE = mac/Info.plist;
				LIBRARY_SEARCH_PATHS = "";
				USER_HEADER_SEARCH_PATHS = "";
			};
			name = Release;
		};
		C01FCF4F08A954540054247B /* Debug */ = {
			isa = XCBuildConfiguration;
			buildSettings = {
				CLANG_CXX_LANGUAGE_STANDARD = "c++0x";
				CLANG_CXX_LIBRARY = "libc++";
				COPY_PHASE_STRIP = NO;
				GCC_OPTIMIZATION_LEVEL = 0;
				GCC_WARN_ABOUT_RETURN_TYPE = YES;
				GCC_WARN_UNUSED_VARIABLE = YES;
				HEADER_SEARCH_PATHS = (
					"$(SRCROOT)/../cocos2d",
					"$(SRCROOT)/../cocos2d/cocos",
					"$(SRCROOT)/../cocos2d/cocos/base",
					"$(SRCROOT)/../cocos2d/cocos/physics",
					"$(SRCROOT)/../cocos2d/cocos/math/kazmath/include",
					"$(SRCROOT)/../cocos2d/cocos/2d",
					"$(SRCROOT)/../cocos2d/cocos/gui",
					"$(SRCROOT)/../cocos2d/cocos/network",
					"$(SRCROOT)/../cocos2d/cocos/audio/include",
					"$(SRCROOT)/../cocos2d/cocos/editor-support",
					"$(SRCROOT)/../cocos2d/extensions",
					"$(SRCROOT)/../cocos2d/external",
					"$(SRCROOT)/../cocos2d/external/chipmunk/include/chipmunk",
				);
				ONLY_ACTIVE_ARCH = YES;
				PRODUCT_NAME = "$(TARGET_NAME)";
				SDKROOT = macosx;
			};
			name = Debug;
		};
		C01FCF5008A954540054247B /* Release */ = {
			isa = XCBuildConfiguration;
			buildSettings = {
				CLANG_CXX_LANGUAGE_STANDARD = "c++0x";
				CLANG_CXX_LIBRARY = "libc++";
				GCC_WARN_ABOUT_RETURN_TYPE = YES;
				GCC_WARN_UNUSED_VARIABLE = YES;
				HEADER_SEARCH_PATHS = (
					"$(SRCROOT)/../cocos2d",
					"$(SRCROOT)/../cocos2d/cocos",
					"$(SRCROOT)/../cocos2d/cocos/base",
					"$(SRCROOT)/../cocos2d/cocos/physics",
					"$(SRCROOT)/../cocos2d/cocos/math/kazmath/include",
					"$(SRCROOT)/../cocos2d/cocos/2d",
					"$(SRCROOT)/../cocos2d/cocos/gui",
					"$(SRCROOT)/../cocos2d/cocos/network",
					"$(SRCROOT)/../cocos2d/cocos/audio/include",
					"$(SRCROOT)/../cocos2d/cocos/editor-support",
					"$(SRCROOT)/../cocos2d/extensions",
					"$(SRCROOT)/../cocos2d/external",
					"$(SRCROOT)/../cocos2d/external/chipmunk/include/chipmunk",
				);
				OTHER_CFLAGS = "-DNS_BLOCK_ASSERTIONS=1";
				PRODUCT_NAME = "$(TARGET_NAME)";
				SDKROOT = macosx;
				VALIDATE_PRODUCT = YES;
			};
			name = Release;
		};
/* End XCBuildConfiguration section */

/* Begin XCConfigurationList section */
		1D6058960D05DD3E006BFB54 /* Build configuration list for PBXNativeTarget "Stg14 iOS" */ = {
			isa = XCConfigurationList;
			buildConfigurations = (
				1D6058940D05DD3E006BFB54 /* Debug */,
				1D6058950D05DD3E006BFB54 /* Release */,
			);
			defaultConfigurationIsVisible = 0;
			defaultConfigurationName = Debug;
		};
		5087E76C17EB910900C73F5D /* Build configuration list for PBXNativeTarget "Stg14 Mac" */ = {
			isa = XCConfigurationList;
			buildConfigurations = (
				5087E76D17EB910900C73F5D /* Debug */,
				5087E76E17EB910900C73F5D /* Release */,
			);
			defaultConfigurationIsVisible = 0;
			defaultConfigurationName = Debug;
		};
		C01FCF4E08A954540054247B /* Build configuration list for PBXProject "Stg14" */ = {
			isa = XCConfigurationList;
			buildConfigurations = (
				C01FCF4F08A954540054247B /* Debug */,
				C01FCF5008A954540054247B /* Release */,
			);
			defaultConfigurationIsVisible = 0;
			defaultConfigurationName = Debug;
		};
/* End XCConfigurationList section */
	};
	rootObject = 29B97313FDCFA39411CA2CEA /* Project object */;
}
